// !$*UTF8*$!
{
	archiveVersion = 1;
	classes = {
	};
	objectVersion = 60;
	objects = {

/* Begin PBXBuildFile section */
		AD06CE672A4575FD006386B8 /* MTStatusItemMenu.m in Sources */ = {isa = PBXBuildFile; fileRef = AD06CE662A4575FD006386B8 /* MTStatusItemMenu.m */; };
		AD09A6042B73D217008CF6C4 /* MTPowerGraphInspectorController.m in Sources */ = {isa = PBXBuildFile; fileRef = AD09A6032B73D217008CF6C4 /* MTPowerGraphInspectorController.m */; };
		AD0D3ADB2A1D1C83006AFF0D /* MTPowerMeasurementWriter.m in Sources */ = {isa = PBXBuildFile; fileRef = AD0D3ADA2A1D1C83006AFF0D /* MTPowerMeasurementWriter.m */; };
		AD0E98222B6A6CDE006A1C66 /* MTPowerGraphController.m in Sources */ = {isa = PBXBuildFile; fileRef = AD0E98212B6A6CDE006A1C66 /* MTPowerGraphController.m */; };
		AD17F0912A0AB80900DB060D /* corp.sap.PowerMonitorDaemon.plist in Embed Daemon Plist */ = {isa = PBXBuildFile; fileRef = AD17F08F2A0AB7DE00DB060D /* corp.sap.PowerMonitorDaemon.plist */; };
		AD1D751B2B0C9D1500904B84 /* PowerMonitorDaemon in Copy Daemon */ = {isa = PBXBuildFile; fileRef = AD8123BA2A0B943C00857DF8 /* PowerMonitorDaemon */; settings = {ATTRIBUTES = (CodeSignOnCopy, ); }; };
		AD1D751D2B0C9D6A00904B84 /* Localizable.xcstrings in Resources */ = {isa = PBXBuildFile; fileRef = AD1D751C2B0C9D6A00904B84 /* Localizable.xcstrings */; };
		AD1E5FEB2C60275100E9C59B /* InfoPlist.xcstrings in Resources */ = {isa = PBXBuildFile; fileRef = AD1E5FEA2C60275100E9C59B /* InfoPlist.xcstrings */; };
		AD1F5DF12B4BFC0D007DD4FF /* MTAssertionsController.m in Sources */ = {isa = PBXBuildFile; fileRef = AD1F5DF02B4BFC0D007DD4FF /* MTAssertionsController.m */; };
		AD238DCD2AD3DCC900A6B5B2 /* MTSystemInfo.m in Sources */ = {isa = PBXBuildFile; fileRef = ADB4B37C2A0BDCD800B7AF32 /* MTSystemInfo.m */; };
		AD2B8BB92B7A1DE100625CEB /* MTPowerJournal.m in Sources */ = {isa = PBXBuildFile; fileRef = AD2B8BB82B7A1DE100625CEB /* MTPowerJournal.m */; };
		AD2B8BBC2B7A1E0C00625CEB /* MTPowerJournalEntry.m in Sources */ = {isa = PBXBuildFile; fileRef = AD2B8BBB2B7A1E0C00625CEB /* MTPowerJournalEntry.m */; };
		AD2B8BBD2B7A1E0C00625CEB /* MTPowerJournalEntry.m in Sources */ = {isa = PBXBuildFile; fileRef = AD2B8BBB2B7A1E0C00625CEB /* MTPowerJournalEntry.m */; };
		AD2B8BBE2B7A1E1400625CEB /* MTPowerJournal.m in Sources */ = {isa = PBXBuildFile; fileRef = AD2B8BB82B7A1DE100625CEB /* MTPowerJournal.m */; };
		AD3D04922AD041D9005B63A0 /* MTMainWindowController.m in Sources */ = {isa = PBXBuildFile; fileRef = AD3D04912AD041D9005B63A0 /* MTMainWindowController.m */; };
		AD4043022A02434400EFC66C /* MTModifyData.m in Sources */ = {isa = PBXBuildFile; fileRef = AD4043012A02434400EFC66C /* MTModifyData.m */; };
		AD4950D629F7BDB100B6F363 /* AppDelegate.m in Sources */ = {isa = PBXBuildFile; fileRef = AD4950D529F7BDB100B6F363 /* AppDelegate.m */; };
		AD4950D929F7BDB100B6F363 /* MTMainViewController.m in Sources */ = {isa = PBXBuildFile; fileRef = AD4950D829F7BDB100B6F363 /* MTMainViewController.m */; };
		AD4950DB29F7BDB200B6F363 /* Assets.xcassets in Resources */ = {isa = PBXBuildFile; fileRef = AD4950DA29F7BDB200B6F363 /* Assets.xcassets */; };
		AD4950DE29F7BDB200B6F363 /* Main.storyboard in Resources */ = {isa = PBXBuildFile; fileRef = AD4950DC29F7BDB200B6F363 /* Main.storyboard */; };
		AD4950E029F7BDB200B6F363 /* main.m in Sources */ = {isa = PBXBuildFile; fileRef = AD4950DF29F7BDB200B6F363 /* main.m */; };
		AD4AB55A2CB7BE9A0000002F /* MTPowerInfoController.m in Sources */ = {isa = PBXBuildFile; fileRef = AD4AB5592CB7BE9A0000002F /* MTPowerInfoController.m */; };
		AD5236302B46FC9D00A6164D /* MTSidebarController.m in Sources */ = {isa = PBXBuildFile; fileRef = AD52362F2B46FC9D00A6164D /* MTSidebarController.m */; };
		AD5D37352D775892000D3191 /* MTSegmentedControl.m in Sources */ = {isa = PBXBuildFile; fileRef = AD5D37342D775892000D3191 /* MTSegmentedControl.m */; };
		AD60B4F82A1CC0E500FE5BEC /* MTTabViewController.m in Sources */ = {isa = PBXBuildFile; fileRef = AD60B4F72A1CC0E500FE5BEC /* MTTabViewController.m */; };
		AD68CBF22A173CAE00B19D07 /* MTCarbonFootprint.m in Sources */ = {isa = PBXBuildFile; fileRef = AD68CBF12A173CAE00B19D07 /* MTCarbonFootprint.m */; };
		AD6B1D7E2A2F691B00CFE596 /* MTColorTransformer.m in Sources */ = {isa = PBXBuildFile; fileRef = AD6B1D7D2A2F691B00CFE596 /* MTColorTransformer.m */; };
		AD6E2B612B890241009E820F /* MTJournalInspectorController.m in Sources */ = {isa = PBXBuildFile; fileRef = AD6E2B602B890241009E820F /* MTJournalInspectorController.m */; };
		AD6E2B642B890B2E009E820F /* MTJournalSplitViewController.m in Sources */ = {isa = PBXBuildFile; fileRef = AD6E2B632B890B2E009E820F /* MTJournalSplitViewController.m */; };
		AD74537C2D785A35004893FD /* MTHourTextField.m in Sources */ = {isa = PBXBuildFile; fileRef = AD74537B2D785A35004893FD /* MTHourTextField.m */; };
		AD7453822D787CD7004893FD /* MTUsageConsumptionTextTransformer.m in Sources */ = {isa = PBXBuildFile; fileRef = AD7453812D787CD7004893FD /* MTUsageConsumptionTextTransformer.m */; };
		AD74D81A2B7A5216003B1524 /* MTSettingsJournalController.m in Sources */ = {isa = PBXBuildFile; fileRef = AD74D8192B7A5216003B1524 /* MTSettingsJournalController.m */; };
		AD74E37B2A38A59F000B0B84 /* MTPowerGraphView.m in Sources */ = {isa = PBXBuildFile; fileRef = AD74E3792A38A59F000B0B84 /* MTPowerGraphView.m */; };
		AD7574B92B865EC80050CA85 /* MTSavePanelAccessory.xib in Resources */ = {isa = PBXBuildFile; fileRef = AD7574B82B865EC80050CA85 /* MTSavePanelAccessory.xib */; };
		AD75AE582D76FBFE0097D527 /* MTElectricityPrice.m in Sources */ = {isa = PBXBuildFile; fileRef = AD75AE572D76FBFE0097D527 /* MTElectricityPrice.m */; };
		AD75AE5B2D7700B60097D527 /* MTSettingsCostsController.m in Sources */ = {isa = PBXBuildFile; fileRef = AD75AE5A2D7700B60097D527 /* MTSettingsCostsController.m */; };
		AD7B989D2B48077C00AEEF92 /* MTSidebarItem.m in Sources */ = {isa = PBXBuildFile; fileRef = AD7B989B2B48077C00AEEF92 /* MTSidebarItem.m */; };
		AD8123BD2A0B943C00857DF8 /* main.m in Sources */ = {isa = PBXBuildFile; fileRef = AD8123BC2A0B943C00857DF8 /* main.m */; };
		AD8123C32A0BC33B00857DF8 /* MTPowerMeasurementArray.m in Sources */ = {isa = PBXBuildFile; fileRef = ADAD8B532A0976D800B51609 /* MTPowerMeasurementArray.m */; };
		AD8123C42A0BC33E00857DF8 /* MTPowerMeasurementReader.m in Sources */ = {isa = PBXBuildFile; fileRef = ADE6425B29FFAFE9006BC4D5 /* MTPowerMeasurementReader.m */; };
		AD8123C52A0BC34200857DF8 /* MTModifyData.m in Sources */ = {isa = PBXBuildFile; fileRef = AD4043012A02434400EFC66C /* MTModifyData.m */; };
		AD89CB4A2B28B5A000118757 /* MTUsagePriceTextTransformer.m in Sources */ = {isa = PBXBuildFile; fileRef = AD89CB472B28B5A000118757 /* MTUsagePriceTextTransformer.m */; };
		AD8D2C9D2DD3733300A2C71F /* MTJournalTableView.m in Sources */ = {isa = PBXBuildFile; fileRef = AD8D2C9C2DD3733300A2C71F /* MTJournalTableView.m */; };
		AD8ECA852A3A1B440045BA11 /* Power Monitor.mobileconfig in Resources */ = {isa = PBXBuildFile; fileRef = AD8ECA842A3A1B440045BA11 /* Power Monitor.mobileconfig */; };
		AD9715092B48539B0059AC88 /* MTConsoleSplitViewController.m in Sources */ = {isa = PBXBuildFile; fileRef = AD9715082B48539B0059AC88 /* MTConsoleSplitViewController.m */; };
		AD9884E22B3171DE002C4FF7 /* PowerMonitorXPC.m in Sources */ = {isa = PBXBuildFile; fileRef = AD9884E12B3171DE002C4FF7 /* PowerMonitorXPC.m */; };
		AD9884E52B3171DE002C4FF7 /* main.m in Sources */ = {isa = PBXBuildFile; fileRef = AD9884E42B3171DE002C4FF7 /* main.m */; };
		AD9884EA2B3171DE002C4FF7 /* PowerMonitorXPC.xpc in Embed XPC Services */ = {isa = PBXBuildFile; fileRef = AD9884DE2B3171DE002C4FF7 /* PowerMonitorXPC.xpc */; settings = {ATTRIBUTES = (RemoveHeadersOnCopy, ); }; };
		AD9E5EF62A3CA81B0055315C /* MTButtonTitleTransformer.m in Sources */ = {isa = PBXBuildFile; fileRef = AD9E5EF42A3CA81B0055315C /* MTButtonTitleTransformer.m */; };
		ADA213E62B20BFEA00C9661C /* MTSleepWatcher.m in Sources */ = {isa = PBXBuildFile; fileRef = ADA213E52B20BFEA00C9661C /* MTSleepWatcher.m */; };
		ADA213E92B20BFF300C9661C /* MTPowerEvent.m in Sources */ = {isa = PBXBuildFile; fileRef = ADA213E72B20BFF300C9661C /* MTPowerEvent.m */; };
		ADAD8B542A0976D800B51609 /* MTPowerMeasurementArray.m in Sources */ = {isa = PBXBuildFile; fileRef = ADAD8B532A0976D800B51609 /* MTPowerMeasurementArray.m */; };
		ADB4B37D2A0BDCD800B7AF32 /* MTSystemInfo.m in Sources */ = {isa = PBXBuildFile; fileRef = ADB4B37C2A0BDCD800B7AF32 /* MTSystemInfo.m */; };
		ADB720C92A3C3E0600676E92 /* Alpha-2toAlpha-3.strings in Resources */ = {isa = PBXBuildFile; fileRef = ADB720C82A3C3E0600676E92 /* Alpha-2toAlpha-3.strings */; };
		ADB911E92AD6F007007C64F1 /* Credits.rtf in Resources */ = {isa = PBXBuildFile; fileRef = ADB911EB2AD6F007007C64F1 /* Credits.rtf */; };
		ADBA009C2A29E1210082157B /* MTSettingsGeneralController.m in Sources */ = {isa = PBXBuildFile; fileRef = ADBA009B2A29E1210082157B /* MTSettingsGeneralController.m */; };
		ADBA009F2A29FCD50082157B /* MTSettingsCarbonController.m in Sources */ = {isa = PBXBuildFile; fileRef = ADBA009E2A29FCD50082157B /* MTSettingsCarbonController.m */; };
		ADBA00A22A2A04480082157B /* MTCredentialsController.m in Sources */ = {isa = PBXBuildFile; fileRef = ADBA00A12A2A04480082157B /* MTCredentialsController.m */; };
		ADBA00A52A2A2DFD0082157B /* MTCarbonAPIKey.m in Sources */ = {isa = PBXBuildFile; fileRef = ADBA00A42A2A2DFD0082157B /* MTCarbonAPIKey.m */; };
		ADCB4C962D78358E006DC869 /* MTWeekdayTextField.m in Sources */ = {isa = PBXBuildFile; fileRef = ADCB4C952D78358E006DC869 /* MTWeekdayTextField.m */; };
		ADCBCC772B30A59A004B9424 /* MTLogController.m in Sources */ = {isa = PBXBuildFile; fileRef = ADCBCC762B30A59A004B9424 /* MTLogController.m */; };
		ADCBCC7A2B30A68D004B9424 /* MTToolbarItem.m in Sources */ = {isa = PBXBuildFile; fileRef = ADCBCC782B30A68D004B9424 /* MTToolbarItem.m */; };
		ADCDF28F2B3024000026F56B /* MTPowerGraphTooltip.m in Sources */ = {isa = PBXBuildFile; fileRef = ADCDF28E2B3024000026F56B /* MTPowerGraphTooltip.m */; };
		ADCDF2912B3039B90026F56B /* MTPowerGraphTooltip.xib in Resources */ = {isa = PBXBuildFile; fileRef = ADCDF2902B3039B90026F56B /* MTPowerGraphTooltip.xib */; };
		ADD346E32A1285CD0045B031 /* MTDescriptionController.m in Sources */ = {isa = PBXBuildFile; fileRef = ADD346E22A1285CD0045B031 /* MTDescriptionController.m */; };
		ADD391CC2B7384E40041432C /* MTGraphSplitViewController.m in Sources */ = {isa = PBXBuildFile; fileRef = ADD391CB2B7384E40041432C /* MTGraphSplitViewController.m */; };
		ADD3B09C2B1F306D000C1882 /* MTUsagePeriodTextTransformer.m in Sources */ = {isa = PBXBuildFile; fileRef = ADD3B09B2B1F306D000C1882 /* MTUsagePeriodTextTransformer.m */; };
		ADD594362A1B6C47007B84A3 /* MTElectricityMapsAPI.m in Sources */ = {isa = PBXBuildFile; fileRef = ADD594342A1B6C47007B84A3 /* MTElectricityMapsAPI.m */; };
		ADDD0A532D79FD5A002B06C6 /* MTUsageConsumptionValueTransformer.m in Sources */ = {isa = PBXBuildFile; fileRef = ADDD0A522D79FD5A002B06C6 /* MTUsageConsumptionValueTransformer.m */; };
		ADDD0A542D7A0EA2002B06C6 /* MTElectricityPrice.m in Sources */ = {isa = PBXBuildFile; fileRef = AD75AE572D76FBFE0097D527 /* MTElectricityPrice.m */; };
		ADE6425C29FFAFE9006BC4D5 /* MTPowerMeasurementReader.m in Sources */ = {isa = PBXBuildFile; fileRef = ADE6425B29FFAFE9006BC4D5 /* MTPowerMeasurementReader.m */; };
		ADE7AF232B85F36F00153AD5 /* MTSavePanelAccessoryController.m in Sources */ = {isa = PBXBuildFile; fileRef = ADE7AF222B85F36F00153AD5 /* MTSavePanelAccessoryController.m */; };
		ADE9A1812B7CD6AF00BFBDEF /* MTJournalController.m in Sources */ = {isa = PBXBuildFile; fileRef = ADE9A17F2B7CD6AF00BFBDEF /* MTJournalController.m */; };
		ADEA60742BE8AFA200344CC0 /* MTSettingsPowerNapController.m in Sources */ = {isa = PBXBuildFile; fileRef = ADEA60732BE8AFA100344CC0 /* MTSettingsPowerNapController.m */; };
		ADEAFD832B2892B3005A1799 /* MTSettingsViewOptionsController.m in Sources */ = {isa = PBXBuildFile; fileRef = ADEAFD812B2892B3005A1799 /* MTSettingsViewOptionsController.m */; };
		ADEF0BDF2B317CD7000C7EEA /* MTPowerMonitorDaemon.m in Sources */ = {isa = PBXBuildFile; fileRef = ADEF0BDE2B317CD7000C7EEA /* MTPowerMonitorDaemon.m */; };
		ADEF0BE22B318417000C7EEA /* MTDaemonConnection.m in Sources */ = {isa = PBXBuildFile; fileRef = ADEF0BE12B318417000C7EEA /* MTDaemonConnection.m */; };
		ADEF0BE52B318980000C7EEA /* MTLogLevelValueTransformer.m in Sources */ = {isa = PBXBuildFile; fileRef = ADEF0BE42B318980000C7EEA /* MTLogLevelValueTransformer.m */; };
		ADFCECBC2A1F2B8300AA728D /* MTPowerMeasurement.m in Sources */ = {isa = PBXBuildFile; fileRef = ADFCECBB2A1F2B8300AA728D /* MTPowerMeasurement.m */; };
		ADFCECBD2A1F2C8400AA728D /* MTPowerMeasurement.m in Sources */ = {isa = PBXBuildFile; fileRef = ADFCECBB2A1F2B8300AA728D /* MTPowerMeasurement.m */; };
		ADFD50262B35689100849855 /* MTLogDetailsController.m in Sources */ = {isa = PBXBuildFile; fileRef = ADFD50252B35689100849855 /* MTLogDetailsController.m */; };
/* End PBXBuildFile section */

/* Begin PBXContainerItemProxy section */
		AD8123C12A0BC31E00857DF8 /* PBXContainerItemProxy */ = {
			isa = PBXContainerItemProxy;
			containerPortal = AD4950C929F7BDB100B6F363 /* Project object */;
			proxyType = 1;
			remoteGlobalIDString = AD8123B92A0B943C00857DF8;
			remoteInfo = PowerMonitorDaemon;
		};
		AD9884E82B3171DE002C4FF7 /* PBXContainerItemProxy */ = {
			isa = PBXContainerItemProxy;
			containerPortal = AD4950C929F7BDB100B6F363 /* Project object */;
			proxyType = 1;
			remoteGlobalIDString = AD9884DD2B3171DE002C4FF7;
			remoteInfo = PowerMonitorXPC;
		};
/* End PBXContainerItemProxy section */

/* Begin PBXCopyFilesBuildPhase section */
		AD1D751A2B0C9D0A00904B84 /* Copy Daemon */ = {
			isa = PBXCopyFilesBuildPhase;
			buildActionMask = 2147483647;
			dstPath = "";
			dstSubfolderSpec = 6;
			files = (
				AD1D751B2B0C9D1500904B84 /* PowerMonitorDaemon in Copy Daemon */,
			);
			name = "Copy Daemon";
			runOnlyForDeploymentPostprocessing = 0;
		};
		AD896DA92A05186000743EAD /* Embed Daemon Plist */ = {
			isa = PBXCopyFilesBuildPhase;
			buildActionMask = 2147483647;
			dstPath = Contents/Library/LaunchDaemons;
			dstSubfolderSpec = 1;
			files = (
				AD17F0912A0AB80900DB060D /* corp.sap.PowerMonitorDaemon.plist in Embed Daemon Plist */,
			);
			name = "Embed Daemon Plist";
			runOnlyForDeploymentPostprocessing = 0;
		};
		AD9884EB2B3171DE002C4FF7 /* Embed XPC Services */ = {
			isa = PBXCopyFilesBuildPhase;
			buildActionMask = 2147483647;
			dstPath = "$(CONTENTS_FOLDER_PATH)/XPCServices";
			dstSubfolderSpec = 16;
			files = (
				AD9884EA2B3171DE002C4FF7 /* PowerMonitorXPC.xpc in Embed XPC Services */,
			);
			name = "Embed XPC Services";
			runOnlyForDeploymentPostprocessing = 0;
		};
/* End PBXCopyFilesBuildPhase section */

/* Begin PBXFileReference section */
		AD06CE652A4575FD006386B8 /* MTStatusItemMenu.h */ = {isa = PBXFileReference; lastKnownFileType = sourcecode.c.h; path = MTStatusItemMenu.h; sourceTree = "<group>"; };
		AD06CE662A4575FD006386B8 /* MTStatusItemMenu.m */ = {isa = PBXFileReference; lastKnownFileType = sourcecode.c.objc; path = MTStatusItemMenu.m; sourceTree = "<group>"; };
		AD09A6022B73D217008CF6C4 /* MTPowerGraphInspectorController.h */ = {isa = PBXFileReference; lastKnownFileType = sourcecode.c.h; path = MTPowerGraphInspectorController.h; sourceTree = "<group>"; };
		AD09A6032B73D217008CF6C4 /* MTPowerGraphInspectorController.m */ = {isa = PBXFileReference; lastKnownFileType = sourcecode.c.objc; path = MTPowerGraphInspectorController.m; sourceTree = "<group>"; };
		AD0D3AD92A1D1C83006AFF0D /* MTPowerMeasurementWriter.h */ = {isa = PBXFileReference; lastKnownFileType = sourcecode.c.h; path = MTPowerMeasurementWriter.h; sourceTree = "<group>"; };
		AD0D3ADA2A1D1C83006AFF0D /* MTPowerMeasurementWriter.m */ = {isa = PBXFileReference; lastKnownFileType = sourcecode.c.objc; path = MTPowerMeasurementWriter.m; sourceTree = "<group>"; };
		AD0E98202B6A6CDE006A1C66 /* MTPowerGraphController.h */ = {isa = PBXFileReference; lastKnownFileType = sourcecode.c.h; path = MTPowerGraphController.h; sourceTree = "<group>"; };
		AD0E98212B6A6CDE006A1C66 /* MTPowerGraphController.m */ = {isa = PBXFileReference; lastKnownFileType = sourcecode.c.objc; path = MTPowerGraphController.m; sourceTree = "<group>"; };
		AD17F08F2A0AB7DE00DB060D /* corp.sap.PowerMonitorDaemon.plist */ = {isa = PBXFileReference; fileEncoding = 4; lastKnownFileType = text.plist.xml; path = corp.sap.PowerMonitorDaemon.plist; sourceTree = "<group>"; };
		AD1D751C2B0C9D6A00904B84 /* Localizable.xcstrings */ = {isa = PBXFileReference; lastKnownFileType = text.json.xcstrings; path = Localizable.xcstrings; sourceTree = "<group>"; };
		AD1E5FEA2C60275100E9C59B /* InfoPlist.xcstrings */ = {isa = PBXFileReference; lastKnownFileType = text.json.xcstrings; path = InfoPlist.xcstrings; sourceTree = "<group>"; };
		AD1F5DEF2B4BFC0D007DD4FF /* MTAssertionsController.h */ = {isa = PBXFileReference; lastKnownFileType = sourcecode.c.h; path = MTAssertionsController.h; sourceTree = "<group>"; };
		AD1F5DF02B4BFC0D007DD4FF /* MTAssertionsController.m */ = {isa = PBXFileReference; lastKnownFileType = sourcecode.c.objc; path = MTAssertionsController.m; sourceTree = "<group>"; };
		AD2B8BB72B7A1DE100625CEB /* MTPowerJournal.h */ = {isa = PBXFileReference; lastKnownFileType = sourcecode.c.h; name = MTPowerJournal.h; path = Shared/Classes/MTPowerJournal.h; sourceTree = SOURCE_ROOT; };
		AD2B8BB82B7A1DE100625CEB /* MTPowerJournal.m */ = {isa = PBXFileReference; lastKnownFileType = sourcecode.c.objc; name = MTPowerJournal.m; path = Shared/Classes/MTPowerJournal.m; sourceTree = SOURCE_ROOT; };
		AD2B8BBA2B7A1E0C00625CEB /* MTPowerJournalEntry.h */ = {isa = PBXFileReference; lastKnownFileType = sourcecode.c.h; path = MTPowerJournalEntry.h; sourceTree = "<group>"; };
		AD2B8BBB2B7A1E0C00625CEB /* MTPowerJournalEntry.m */ = {isa = PBXFileReference; lastKnownFileType = sourcecode.c.objc; path = MTPowerJournalEntry.m; sourceTree = "<group>"; };
		AD3D04902AD041D9005B63A0 /* MTMainWindowController.h */ = {isa = PBXFileReference; fileEncoding = 4; lastKnownFileType = sourcecode.c.h; path = MTMainWindowController.h; sourceTree = "<group>"; };
		AD3D04912AD041D9005B63A0 /* MTMainWindowController.m */ = {isa = PBXFileReference; fileEncoding = 4; lastKnownFileType = sourcecode.c.objc; path = MTMainWindowController.m; sourceTree = "<group>"; };
		AD4043002A02434400EFC66C /* MTModifyData.h */ = {isa = PBXFileReference; lastKnownFileType = sourcecode.c.h; path = MTModifyData.h; sourceTree = "<group>"; };
		AD4043012A02434400EFC66C /* MTModifyData.m */ = {isa = PBXFileReference; lastKnownFileType = sourcecode.c.objc; path = MTModifyData.m; sourceTree = "<group>"; };
		AD4950D129F7BDB100B6F363 /* Power Monitor.app */ = {isa = PBXFileReference; explicitFileType = wrapper.application; includeInIndex = 0; path = "Power Monitor.app"; sourceTree = BUILT_PRODUCTS_DIR; };
		AD4950D429F7BDB100B6F363 /* AppDelegate.h */ = {isa = PBXFileReference; lastKnownFileType = sourcecode.c.h; path = AppDelegate.h; sourceTree = "<group>"; };
		AD4950D529F7BDB100B6F363 /* AppDelegate.m */ = {isa = PBXFileReference; lastKnownFileType = sourcecode.c.objc; path = AppDelegate.m; sourceTree = "<group>"; };
		AD4950D729F7BDB100B6F363 /* MTMainViewController.h */ = {isa = PBXFileReference; lastKnownFileType = sourcecode.c.h; path = MTMainViewController.h; sourceTree = "<group>"; };
		AD4950D829F7BDB100B6F363 /* MTMainViewController.m */ = {isa = PBXFileReference; lastKnownFileType = sourcecode.c.objc; path = MTMainViewController.m; sourceTree = "<group>"; };
		AD4950DA29F7BDB200B6F363 /* Assets.xcassets */ = {isa = PBXFileReference; lastKnownFileType = folder.assetcatalog; path = Assets.xcassets; sourceTree = "<group>"; };
		AD4950DD29F7BDB200B6F363 /* Base */ = {isa = PBXFileReference; lastKnownFileType = file.storyboard; name = Base; path = Base.lproj/Main.storyboard; sourceTree = "<group>"; };
		AD4950DF29F7BDB200B6F363 /* main.m */ = {isa = PBXFileReference; lastKnownFileType = sourcecode.c.objc; path = main.m; sourceTree = "<group>"; };
		AD4AB5582CB7BE9A0000002F /* MTPowerInfoController.h */ = {isa = PBXFileReference; lastKnownFileType = sourcecode.c.h; path = MTPowerInfoController.h; sourceTree = "<group>"; };
		AD4AB5592CB7BE9A0000002F /* MTPowerInfoController.m */ = {isa = PBXFileReference; lastKnownFileType = sourcecode.c.objc; path = MTPowerInfoController.m; sourceTree = "<group>"; };
		AD52362E2B46FC9D00A6164D /* MTSidebarController.h */ = {isa = PBXFileReference; lastKnownFileType = sourcecode.c.h; path = MTSidebarController.h; sourceTree = "<group>"; };
		AD52362F2B46FC9D00A6164D /* MTSidebarController.m */ = {isa = PBXFileReference; lastKnownFileType = sourcecode.c.objc; path = MTSidebarController.m; sourceTree = "<group>"; };
		AD5D37332D775892000D3191 /* MTSegmentedControl.h */ = {isa = PBXFileReference; lastKnownFileType = sourcecode.c.h; path = MTSegmentedControl.h; sourceTree = "<group>"; };
		AD5D37342D775892000D3191 /* MTSegmentedControl.m */ = {isa = PBXFileReference; lastKnownFileType = sourcecode.c.objc; path = MTSegmentedControl.m; sourceTree = "<group>"; };
		AD60B4F62A1CC0E500FE5BEC /* MTTabViewController.h */ = {isa = PBXFileReference; fileEncoding = 4; lastKnownFileType = sourcecode.c.h; path = MTTabViewController.h; sourceTree = "<group>"; };
		AD60B4F72A1CC0E500FE5BEC /* MTTabViewController.m */ = {isa = PBXFileReference; fileEncoding = 4; lastKnownFileType = sourcecode.c.objc; path = MTTabViewController.m; sourceTree = "<group>"; };
		AD68CBF02A173CAE00B19D07 /* MTCarbonFootprint.h */ = {isa = PBXFileReference; lastKnownFileType = sourcecode.c.h; path = MTCarbonFootprint.h; sourceTree = "<group>"; };
		AD68CBF12A173CAE00B19D07 /* MTCarbonFootprint.m */ = {isa = PBXFileReference; lastKnownFileType = sourcecode.c.objc; path = MTCarbonFootprint.m; sourceTree = "<group>"; };
		AD6B1D7C2A2F691B00CFE596 /* MTColorTransformer.h */ = {isa = PBXFileReference; fileEncoding = 4; lastKnownFileType = sourcecode.c.h; path = MTColorTransformer.h; sourceTree = "<group>"; };
		AD6B1D7D2A2F691B00CFE596 /* MTColorTransformer.m */ = {isa = PBXFileReference; fileEncoding = 4; lastKnownFileType = sourcecode.c.objc; path = MTColorTransformer.m; sourceTree = "<group>"; };
		AD6E2B5F2B890241009E820F /* MTJournalInspectorController.h */ = {isa = PBXFileReference; fileEncoding = 4; lastKnownFileType = sourcecode.c.h; path = MTJournalInspectorController.h; sourceTree = "<group>"; };
		AD6E2B602B890241009E820F /* MTJournalInspectorController.m */ = {isa = PBXFileReference; fileEncoding = 4; lastKnownFileType = sourcecode.c.objc; path = MTJournalInspectorController.m; sourceTree = "<group>"; };
		AD6E2B622B890B2D009E820F /* MTJournalSplitViewController.h */ = {isa = PBXFileReference; fileEncoding = 4; lastKnownFileType = sourcecode.c.h; path = MTJournalSplitViewController.h; sourceTree = "<group>"; };
		AD6E2B632B890B2E009E820F /* MTJournalSplitViewController.m */ = {isa = PBXFileReference; fileEncoding = 4; lastKnownFileType = sourcecode.c.objc; path = MTJournalSplitViewController.m; sourceTree = "<group>"; };
		AD74537A2D785A35004893FD /* MTHourTextField.h */ = {isa = PBXFileReference; lastKnownFileType = sourcecode.c.h; path = MTHourTextField.h; sourceTree = "<group>"; };
		AD74537B2D785A35004893FD /* MTHourTextField.m */ = {isa = PBXFileReference; lastKnownFileType = sourcecode.c.objc; path = MTHourTextField.m; sourceTree = "<group>"; };
		AD7453802D787CD7004893FD /* MTUsageConsumptionTextTransformer.h */ = {isa = PBXFileReference; lastKnownFileType = sourcecode.c.h; path = MTUsageConsumptionTextTransformer.h; sourceTree = "<group>"; };
		AD7453812D787CD7004893FD /* MTUsageConsumptionTextTransformer.m */ = {isa = PBXFileReference; lastKnownFileType = sourcecode.c.objc; path = MTUsageConsumptionTextTransformer.m; sourceTree = "<group>"; };
		AD74D8182B7A5216003B1524 /* MTSettingsJournalController.h */ = {isa = PBXFileReference; fileEncoding = 4; lastKnownFileType = sourcecode.c.h; path = MTSettingsJournalController.h; sourceTree = "<group>"; };
		AD74D8192B7A5216003B1524 /* MTSettingsJournalController.m */ = {isa = PBXFileReference; fileEncoding = 4; lastKnownFileType = sourcecode.c.objc; path = MTSettingsJournalController.m; sourceTree = "<group>"; };
		AD74E3792A38A59F000B0B84 /* MTPowerGraphView.m */ = {isa = PBXFileReference; fileEncoding = 4; lastKnownFileType = sourcecode.c.objc; path = MTPowerGraphView.m; sourceTree = "<group>"; };
		AD74E37A2A38A59F000B0B84 /* MTPowerGraphView.h */ = {isa = PBXFileReference; fileEncoding = 4; lastKnownFileType = sourcecode.c.h; path = MTPowerGraphView.h; sourceTree = "<group>"; };
		AD7574B72B865EC80050CA85 /* Base */ = {isa = PBXFileReference; lastKnownFileType = file.xib; name = Base; path = Base.lproj/MTSavePanelAccessory.xib; sourceTree = "<group>"; };
		AD7574BA2B865EC80050CA85 /* mul */ = {isa = PBXFileReference; lastKnownFileType = text.json.xcstrings; name = mul; path = mul.lproj/MTSavePanelAccessory.xcstrings; sourceTree = "<group>"; };
		AD75AE562D76FBFE0097D527 /* MTElectricityPrice.h */ = {isa = PBXFileReference; lastKnownFileType = sourcecode.c.h; path = MTElectricityPrice.h; sourceTree = "<group>"; };
		AD75AE572D76FBFE0097D527 /* MTElectricityPrice.m */ = {isa = PBXFileReference; lastKnownFileType = sourcecode.c.objc; path = MTElectricityPrice.m; sourceTree = "<group>"; };
		AD75AE592D7700B60097D527 /* MTSettingsCostsController.h */ = {isa = PBXFileReference; lastKnownFileType = sourcecode.c.h; path = MTSettingsCostsController.h; sourceTree = "<group>"; };
		AD75AE5A2D7700B60097D527 /* MTSettingsCostsController.m */ = {isa = PBXFileReference; lastKnownFileType = sourcecode.c.objc; path = MTSettingsCostsController.m; sourceTree = "<group>"; };
		AD7B989B2B48077C00AEEF92 /* MTSidebarItem.m */ = {isa = PBXFileReference; fileEncoding = 4; lastKnownFileType = sourcecode.c.objc; path = MTSidebarItem.m; sourceTree = "<group>"; };
		AD7B989C2B48077C00AEEF92 /* MTSidebarItem.h */ = {isa = PBXFileReference; fileEncoding = 4; lastKnownFileType = sourcecode.c.h; path = MTSidebarItem.h; sourceTree = "<group>"; };
		AD8123BA2A0B943C00857DF8 /* PowerMonitorDaemon */ = {isa = PBXFileReference; explicitFileType = "compiled.mach-o.executable"; includeInIndex = 0; path = PowerMonitorDaemon; sourceTree = BUILT_PRODUCTS_DIR; };
		AD8123BC2A0B943C00857DF8 /* main.m */ = {isa = PBXFileReference; lastKnownFileType = sourcecode.c.objc; path = main.m; sourceTree = "<group>"; };
		AD8123C82A0BC5CF00857DF8 /* PowerMonitorDaemon-Info.plist */ = {isa = PBXFileReference; lastKnownFileType = text.plist.xml; path = "PowerMonitorDaemon-Info.plist"; sourceTree = "<group>"; };
		AD89CB472B28B5A000118757 /* MTUsagePriceTextTransformer.m */ = {isa = PBXFileReference; fileEncoding = 4; lastKnownFileType = sourcecode.c.objc; path = MTUsagePriceTextTransformer.m; sourceTree = "<group>"; };
		AD89CB482B28B5A000118757 /* MTUsagePriceTextTransformer.h */ = {isa = PBXFileReference; fileEncoding = 4; lastKnownFileType = sourcecode.c.h; path = MTUsagePriceTextTransformer.h; sourceTree = "<group>"; };
		AD8D2C9B2DD3733300A2C71F /* MTJournalTableView.h */ = {isa = PBXFileReference; lastKnownFileType = sourcecode.c.h; path = MTJournalTableView.h; sourceTree = "<group>"; };
		AD8D2C9C2DD3733300A2C71F /* MTJournalTableView.m */ = {isa = PBXFileReference; lastKnownFileType = sourcecode.c.objc; path = MTJournalTableView.m; sourceTree = "<group>"; };
		AD8ECA842A3A1B440045BA11 /* Power Monitor.mobileconfig */ = {isa = PBXFileReference; fileEncoding = 4; lastKnownFileType = text.xml; path = "Power Monitor.mobileconfig"; sourceTree = "<group>"; };
		AD90C7F929FBAB1A00917EE4 /* Power Monitor.entitlements */ = {isa = PBXFileReference; lastKnownFileType = text.plist.entitlements; path = "Power Monitor.entitlements"; sourceTree = "<group>"; };
		AD9715072B48539B0059AC88 /* MTConsoleSplitViewController.h */ = {isa = PBXFileReference; lastKnownFileType = sourcecode.c.h; path = MTConsoleSplitViewController.h; sourceTree = "<group>"; };
		AD9715082B48539B0059AC88 /* MTConsoleSplitViewController.m */ = {isa = PBXFileReference; lastKnownFileType = sourcecode.c.objc; path = MTConsoleSplitViewController.m; sourceTree = "<group>"; };
		AD9884DE2B3171DE002C4FF7 /* PowerMonitorXPC.xpc */ = {isa = PBXFileReference; explicitFileType = "wrapper.xpc-service"; includeInIndex = 0; path = PowerMonitorXPC.xpc; sourceTree = BUILT_PRODUCTS_DIR; };
		AD9884E02B3171DE002C4FF7 /* PowerMonitorXPC.h */ = {isa = PBXFileReference; lastKnownFileType = sourcecode.c.h; path = PowerMonitorXPC.h; sourceTree = "<group>"; };
		AD9884E12B3171DE002C4FF7 /* PowerMonitorXPC.m */ = {isa = PBXFileReference; lastKnownFileType = sourcecode.c.objc; path = PowerMonitorXPC.m; sourceTree = "<group>"; };
		AD9884E32B3171DE002C4FF7 /* PowerMonitorXPCProtocol.h */ = {isa = PBXFileReference; lastKnownFileType = sourcecode.c.h; path = PowerMonitorXPCProtocol.h; sourceTree = "<group>"; };
		AD9884E42B3171DE002C4FF7 /* main.m */ = {isa = PBXFileReference; lastKnownFileType = sourcecode.c.objc; path = main.m; sourceTree = "<group>"; };
		AD9884E62B3171DE002C4FF7 /* Info.plist */ = {isa = PBXFileReference; lastKnownFileType = text.plist.xml; path = Info.plist; sourceTree = "<group>"; };
		AD9E5EF42A3CA81B0055315C /* MTButtonTitleTransformer.m */ = {isa = PBXFileReference; fileEncoding = 4; lastKnownFileType = sourcecode.c.objc; path = MTButtonTitleTransformer.m; sourceTree = "<group>"; };
		AD9E5EF52A3CA81B0055315C /* MTButtonTitleTransformer.h */ = {isa = PBXFileReference; fileEncoding = 4; lastKnownFileType = sourcecode.c.h; path = MTButtonTitleTransformer.h; sourceTree = "<group>"; };
		ADA213E42B20BFEA00C9661C /* MTSleepWatcher.h */ = {isa = PBXFileReference; fileEncoding = 4; lastKnownFileType = sourcecode.c.h; path = MTSleepWatcher.h; sourceTree = "<group>"; };
		ADA213E52B20BFEA00C9661C /* MTSleepWatcher.m */ = {isa = PBXFileReference; fileEncoding = 4; lastKnownFileType = sourcecode.c.objc; path = MTSleepWatcher.m; sourceTree = "<group>"; };
		ADA213E72B20BFF300C9661C /* MTPowerEvent.m */ = {isa = PBXFileReference; fileEncoding = 4; lastKnownFileType = sourcecode.c.objc; path = MTPowerEvent.m; sourceTree = "<group>"; };
		ADA213E82B20BFF300C9661C /* MTPowerEvent.h */ = {isa = PBXFileReference; fileEncoding = 4; lastKnownFileType = sourcecode.c.h; path = MTPowerEvent.h; sourceTree = "<group>"; };
		ADAD8B522A0976D800B51609 /* MTPowerMeasurementArray.h */ = {isa = PBXFileReference; lastKnownFileType = sourcecode.c.h; path = MTPowerMeasurementArray.h; sourceTree = "<group>"; };
		ADAD8B532A0976D800B51609 /* MTPowerMeasurementArray.m */ = {isa = PBXFileReference; lastKnownFileType = sourcecode.c.objc; path = MTPowerMeasurementArray.m; sourceTree = "<group>"; };
		ADB4B37B2A0BDCD800B7AF32 /* MTSystemInfo.h */ = {isa = PBXFileReference; lastKnownFileType = sourcecode.c.h; path = MTSystemInfo.h; sourceTree = "<group>"; };
		ADB4B37C2A0BDCD800B7AF32 /* MTSystemInfo.m */ = {isa = PBXFileReference; lastKnownFileType = sourcecode.c.objc; path = MTSystemInfo.m; sourceTree = "<group>"; };
		ADB720C82A3C3E0600676E92 /* Alpha-2toAlpha-3.strings */ = {isa = PBXFileReference; lastKnownFileType = text.plist.strings; path = "Alpha-2toAlpha-3.strings"; sourceTree = "<group>"; };
		ADB911EA2AD6F007007C64F1 /* Base */ = {isa = PBXFileReference; lastKnownFileType = text.rtf; name = Base; path = Base.lproj/Credits.rtf; sourceTree = "<group>"; };
		ADB911EC2AD6F009007C64F1 /* de */ = {isa = PBXFileReference; lastKnownFileType = text.rtf; name = de; path = de.lproj/Credits.rtf; sourceTree = "<group>"; };
		ADBA009A2A29E1210082157B /* MTSettingsGeneralController.h */ = {isa = PBXFileReference; lastKnownFileType = sourcecode.c.h; path = MTSettingsGeneralController.h; sourceTree = "<group>"; };
		ADBA009B2A29E1210082157B /* MTSettingsGeneralController.m */ = {isa = PBXFileReference; lastKnownFileType = sourcecode.c.objc; path = MTSettingsGeneralController.m; sourceTree = "<group>"; };
		ADBA009D2A29FCD50082157B /* MTSettingsCarbonController.h */ = {isa = PBXFileReference; lastKnownFileType = sourcecode.c.h; path = MTSettingsCarbonController.h; sourceTree = "<group>"; };
		ADBA009E2A29FCD50082157B /* MTSettingsCarbonController.m */ = {isa = PBXFileReference; lastKnownFileType = sourcecode.c.objc; path = MTSettingsCarbonController.m; sourceTree = "<group>"; };
		ADBA00A02A2A04480082157B /* MTCredentialsController.h */ = {isa = PBXFileReference; lastKnownFileType = sourcecode.c.h; path = MTCredentialsController.h; sourceTree = "<group>"; };
		ADBA00A12A2A04480082157B /* MTCredentialsController.m */ = {isa = PBXFileReference; lastKnownFileType = sourcecode.c.objc; path = MTCredentialsController.m; sourceTree = "<group>"; };
		ADBA00A32A2A2DFD0082157B /* MTCarbonAPIKey.h */ = {isa = PBXFileReference; lastKnownFileType = sourcecode.c.h; name = MTCarbonAPIKey.h; path = "Power Monitor/Classes/MTCarbonAPIKey.h"; sourceTree = SOURCE_ROOT; };
		ADBA00A42A2A2DFD0082157B /* MTCarbonAPIKey.m */ = {isa = PBXFileReference; lastKnownFileType = sourcecode.c.objc; name = MTCarbonAPIKey.m; path = "Power Monitor/Classes/MTCarbonAPIKey.m"; sourceTree = SOURCE_ROOT; };
		ADCB4C942D78358E006DC869 /* MTWeekdayTextField.h */ = {isa = PBXFileReference; lastKnownFileType = sourcecode.c.h; path = MTWeekdayTextField.h; sourceTree = "<group>"; };
		ADCB4C952D78358E006DC869 /* MTWeekdayTextField.m */ = {isa = PBXFileReference; lastKnownFileType = sourcecode.c.objc; path = MTWeekdayTextField.m; sourceTree = "<group>"; };
		ADCBCC752B30A59A004B9424 /* MTLogController.h */ = {isa = PBXFileReference; fileEncoding = 4; lastKnownFileType = sourcecode.c.h; path = MTLogController.h; sourceTree = "<group>"; };
		ADCBCC762B30A59A004B9424 /* MTLogController.m */ = {isa = PBXFileReference; fileEncoding = 4; lastKnownFileType = sourcecode.c.objc; path = MTLogController.m; sourceTree = "<group>"; };
		ADCBCC782B30A68D004B9424 /* MTToolbarItem.m */ = {isa = PBXFileReference; fileEncoding = 4; lastKnownFileType = sourcecode.c.objc; path = MTToolbarItem.m; sourceTree = "<group>"; };
		ADCBCC792B30A68D004B9424 /* MTToolbarItem.h */ = {isa = PBXFileReference; fileEncoding = 4; lastKnownFileType = sourcecode.c.h; path = MTToolbarItem.h; sourceTree = "<group>"; };
		ADCDF28D2B3024000026F56B /* MTPowerGraphTooltip.h */ = {isa = PBXFileReference; fileEncoding = 4; lastKnownFileType = sourcecode.c.h; path = MTPowerGraphTooltip.h; sourceTree = "<group>"; };
		ADCDF28E2B3024000026F56B /* MTPowerGraphTooltip.m */ = {isa = PBXFileReference; fileEncoding = 4; lastKnownFileType = sourcecode.c.objc; path = MTPowerGraphTooltip.m; sourceTree = "<group>"; };
		ADCDF2902B3039B90026F56B /* MTPowerGraphTooltip.xib */ = {isa = PBXFileReference; lastKnownFileType = file.xib; path = MTPowerGraphTooltip.xib; sourceTree = "<group>"; };
		ADD346E12A1285CD0045B031 /* MTDescriptionController.h */ = {isa = PBXFileReference; lastKnownFileType = sourcecode.c.h; path = MTDescriptionController.h; sourceTree = "<group>"; };
		ADD346E22A1285CD0045B031 /* MTDescriptionController.m */ = {isa = PBXFileReference; lastKnownFileType = sourcecode.c.objc; path = MTDescriptionController.m; sourceTree = "<group>"; };
		ADD391CA2B7384E40041432C /* MTGraphSplitViewController.h */ = {isa = PBXFileReference; fileEncoding = 4; lastKnownFileType = sourcecode.c.h; path = MTGraphSplitViewController.h; sourceTree = "<group>"; };
		ADD391CB2B7384E40041432C /* MTGraphSplitViewController.m */ = {isa = PBXFileReference; fileEncoding = 4; lastKnownFileType = sourcecode.c.objc; path = MTGraphSplitViewController.m; sourceTree = "<group>"; };
		ADD3B09A2B1F306D000C1882 /* MTUsagePeriodTextTransformer.h */ = {isa = PBXFileReference; fileEncoding = 4; lastKnownFileType = sourcecode.c.h; path = MTUsagePeriodTextTransformer.h; sourceTree = "<group>"; };
		ADD3B09B2B1F306D000C1882 /* MTUsagePeriodTextTransformer.m */ = {isa = PBXFileReference; fileEncoding = 4; lastKnownFileType = sourcecode.c.objc; path = MTUsagePeriodTextTransformer.m; sourceTree = "<group>"; };
		ADD3B09D2B1F3188000C1882 /* mul */ = {isa = PBXFileReference; lastKnownFileType = text.json.xcstrings; name = mul; path = mul.lproj/Main.xcstrings; sourceTree = "<group>"; };
		ADD594342A1B6C47007B84A3 /* MTElectricityMapsAPI.m */ = {isa = PBXFileReference; fileEncoding = 4; lastKnownFileType = sourcecode.c.objc; path = MTElectricityMapsAPI.m; sourceTree = "<group>"; };
		ADD594352A1B6C47007B84A3 /* MTElectricityMapsAPI.h */ = {isa = PBXFileReference; fileEncoding = 4; lastKnownFileType = sourcecode.c.h; path = MTElectricityMapsAPI.h; sourceTree = "<group>"; };
		ADDD0A512D79FD5A002B06C6 /* MTUsageConsumptionValueTransformer.h */ = {isa = PBXFileReference; lastKnownFileType = sourcecode.c.h; path = MTUsageConsumptionValueTransformer.h; sourceTree = "<group>"; };
		ADDD0A522D79FD5A002B06C6 /* MTUsageConsumptionValueTransformer.m */ = {isa = PBXFileReference; lastKnownFileType = sourcecode.c.objc; path = MTUsageConsumptionValueTransformer.m; sourceTree = "<group>"; };
		ADE6425A29FFAFE9006BC4D5 /* MTPowerMeasurementReader.h */ = {isa = PBXFileReference; lastKnownFileType = sourcecode.c.h; path = MTPowerMeasurementReader.h; sourceTree = "<group>"; };
		ADE6425B29FFAFE9006BC4D5 /* MTPowerMeasurementReader.m */ = {isa = PBXFileReference; lastKnownFileType = sourcecode.c.objc; path = MTPowerMeasurementReader.m; sourceTree = "<group>"; };
		ADE6427C2A00FD06006BC4D5 /* Constants.h */ = {isa = PBXFileReference; lastKnownFileType = sourcecode.c.h; path = Constants.h; sourceTree = "<group>"; };
		ADE7AF212B85F36F00153AD5 /* MTSavePanelAccessoryController.h */ = {isa = PBXFileReference; lastKnownFileType = sourcecode.c.h; path = MTSavePanelAccessoryController.h; sourceTree = "<group>"; };
		ADE7AF222B85F36F00153AD5 /* MTSavePanelAccessoryController.m */ = {isa = PBXFileReference; lastKnownFileType = sourcecode.c.objc; path = MTSavePanelAccessoryController.m; sourceTree = "<group>"; };
		ADE9A17F2B7CD6AF00BFBDEF /* MTJournalController.m */ = {isa = PBXFileReference; fileEncoding = 4; lastKnownFileType = sourcecode.c.objc; path = MTJournalController.m; sourceTree = "<group>"; };
		ADE9A1802B7CD6AF00BFBDEF /* MTJournalController.h */ = {isa = PBXFileReference; fileEncoding = 4; lastKnownFileType = sourcecode.c.h; path = MTJournalController.h; sourceTree = "<group>"; };
		ADEA60722BE8AFA100344CC0 /* MTSettingsPowerNapController.h */ = {isa = PBXFileReference; fileEncoding = 4; lastKnownFileType = sourcecode.c.h; path = MTSettingsPowerNapController.h; sourceTree = "<group>"; };
		ADEA60732BE8AFA100344CC0 /* MTSettingsPowerNapController.m */ = {isa = PBXFileReference; fileEncoding = 4; lastKnownFileType = sourcecode.c.objc; path = MTSettingsPowerNapController.m; sourceTree = "<group>"; };
		ADEAFD812B2892B3005A1799 /* MTSettingsViewOptionsController.m */ = {isa = PBXFileReference; fileEncoding = 4; lastKnownFileType = sourcecode.c.objc; path = MTSettingsViewOptionsController.m; sourceTree = "<group>"; };
		ADEAFD822B2892B3005A1799 /* MTSettingsViewOptionsController.h */ = {isa = PBXFileReference; fileEncoding = 4; lastKnownFileType = sourcecode.c.h; path = MTSettingsViewOptionsController.h; sourceTree = "<group>"; };
		ADEF0BDC2B3177E6000C7EEA /* PowerMonitorDaemonProtocol.h */ = {isa = PBXFileReference; lastKnownFileType = sourcecode.c.h; path = PowerMonitorDaemonProtocol.h; sourceTree = "<group>"; };
		ADEF0BDD2B317CD7000C7EEA /* MTPowerMonitorDaemon.h */ = {isa = PBXFileReference; fileEncoding = 4; lastKnownFileType = sourcecode.c.h; path = MTPowerMonitorDaemon.h; sourceTree = "<group>"; };
		ADEF0BDE2B317CD7000C7EEA /* MTPowerMonitorDaemon.m */ = {isa = PBXFileReference; fileEncoding = 4; lastKnownFileType = sourcecode.c.objc; path = MTPowerMonitorDaemon.m; sourceTree = "<group>"; };
		ADEF0BE02B318417000C7EEA /* MTDaemonConnection.h */ = {isa = PBXFileReference; fileEncoding = 4; lastKnownFileType = sourcecode.c.h; path = MTDaemonConnection.h; sourceTree = "<group>"; };
		ADEF0BE12B318417000C7EEA /* MTDaemonConnection.m */ = {isa = PBXFileReference; fileEncoding = 4; lastKnownFileType = sourcecode.c.objc; path = MTDaemonConnection.m; sourceTree = "<group>"; };
		ADEF0BE32B318980000C7EEA /* MTLogLevelValueTransformer.h */ = {isa = PBXFileReference; fileEncoding = 4; lastKnownFileType = sourcecode.c.h; path = MTLogLevelValueTransformer.h; sourceTree = "<group>"; };
		ADEF0BE42B318980000C7EEA /* MTLogLevelValueTransformer.m */ = {isa = PBXFileReference; fileEncoding = 4; lastKnownFileType = sourcecode.c.objc; path = MTLogLevelValueTransformer.m; sourceTree = "<group>"; };
		ADF5869A2B1F5A1F00DD19EA /* IOPMLibPrivate.h */ = {isa = PBXFileReference; lastKnownFileType = sourcecode.c.h; path = IOPMLibPrivate.h; sourceTree = "<group>"; };
		ADFCECBA2A1F2B8300AA728D /* MTPowerMeasurement.h */ = {isa = PBXFileReference; lastKnownFileType = sourcecode.c.h; path = MTPowerMeasurement.h; sourceTree = "<group>"; };
		ADFCECBB2A1F2B8300AA728D /* MTPowerMeasurement.m */ = {isa = PBXFileReference; lastKnownFileType = sourcecode.c.objc; path = MTPowerMeasurement.m; sourceTree = "<group>"; };
		ADFD50242B35689100849855 /* MTLogDetailsController.h */ = {isa = PBXFileReference; lastKnownFileType = sourcecode.c.h; path = MTLogDetailsController.h; sourceTree = "<group>"; };
		ADFD50252B35689100849855 /* MTLogDetailsController.m */ = {isa = PBXFileReference; lastKnownFileType = sourcecode.c.objc; path = MTLogDetailsController.m; sourceTree = "<group>"; };
/* End PBXFileReference section */

/* Begin PBXFrameworksBuildPhase section */
		AD4950CE29F7BDB100B6F363 /* Frameworks */ = {
			isa = PBXFrameworksBuildPhase;
			buildActionMask = 2147483647;
			files = (
			);
			runOnlyForDeploymentPostprocessing = 0;
		};
		AD8123B72A0B943C00857DF8 /* Frameworks */ = {
			isa = PBXFrameworksBuildPhase;
			buildActionMask = 2147483647;
			files = (
			);
			runOnlyForDeploymentPostprocessing = 0;
		};
		AD9884DB2B3171DE002C4FF7 /* Frameworks */ = {
			isa = PBXFrameworksBuildPhase;
			buildActionMask = 2147483647;
			files = (
			);
			runOnlyForDeploymentPostprocessing = 0;
		};
/* End PBXFrameworksBuildPhase section */

/* Begin PBXGroup section */
		AD18A3C32A14AFF10021F734 /* Classes */ = {
			isa = PBXGroup;
			children = (
				AD75AE562D76FBFE0097D527 /* MTElectricityPrice.h */,
				AD75AE572D76FBFE0097D527 /* MTElectricityPrice.m */,
				AD4043002A02434400EFC66C /* MTModifyData.h */,
				AD4043012A02434400EFC66C /* MTModifyData.m */,
				AD2B8BB72B7A1DE100625CEB /* MTPowerJournal.h */,
				AD2B8BB82B7A1DE100625CEB /* MTPowerJournal.m */,
				AD2B8BBA2B7A1E0C00625CEB /* MTPowerJournalEntry.h */,
				AD2B8BBB2B7A1E0C00625CEB /* MTPowerJournalEntry.m */,
				ADFCECBA2A1F2B8300AA728D /* MTPowerMeasurement.h */,
				ADFCECBB2A1F2B8300AA728D /* MTPowerMeasurement.m */,
				ADAD8B522A0976D800B51609 /* MTPowerMeasurementArray.h */,
				ADAD8B532A0976D800B51609 /* MTPowerMeasurementArray.m */,
				ADE6425A29FFAFE9006BC4D5 /* MTPowerMeasurementReader.h */,
				ADE6425B29FFAFE9006BC4D5 /* MTPowerMeasurementReader.m */,
				AD0D3AD92A1D1C83006AFF0D /* MTPowerMeasurementWriter.h */,
				AD0D3ADA2A1D1C83006AFF0D /* MTPowerMeasurementWriter.m */,
				ADB4B37B2A0BDCD800B7AF32 /* MTSystemInfo.h */,
				ADB4B37C2A0BDCD800B7AF32 /* MTSystemInfo.m */,
			);
			path = Classes;
			sourceTree = "<group>";
		};
		AD2E945E2A0E668400B6A13D /* View Controllers */ = {
			isa = PBXGroup;
			children = (
				AD1F5DEF2B4BFC0D007DD4FF /* MTAssertionsController.h */,
				AD1F5DF02B4BFC0D007DD4FF /* MTAssertionsController.m */,
				AD9715072B48539B0059AC88 /* MTConsoleSplitViewController.h */,
				AD9715082B48539B0059AC88 /* MTConsoleSplitViewController.m */,
				ADBA00A02A2A04480082157B /* MTCredentialsController.h */,
				ADBA00A12A2A04480082157B /* MTCredentialsController.m */,
				ADD346E12A1285CD0045B031 /* MTDescriptionController.h */,
				ADD346E22A1285CD0045B031 /* MTDescriptionController.m */,
				ADD391CA2B7384E40041432C /* MTGraphSplitViewController.h */,
				ADD391CB2B7384E40041432C /* MTGraphSplitViewController.m */,
				ADE9A1802B7CD6AF00BFBDEF /* MTJournalController.h */,
				ADE9A17F2B7CD6AF00BFBDEF /* MTJournalController.m */,
				AD6E2B5F2B890241009E820F /* MTJournalInspectorController.h */,
				AD6E2B602B890241009E820F /* MTJournalInspectorController.m */,
				AD6E2B622B890B2D009E820F /* MTJournalSplitViewController.h */,
				AD6E2B632B890B2E009E820F /* MTJournalSplitViewController.m */,
				ADCBCC752B30A59A004B9424 /* MTLogController.h */,
				ADCBCC762B30A59A004B9424 /* MTLogController.m */,
				ADFD50242B35689100849855 /* MTLogDetailsController.h */,
				ADFD50252B35689100849855 /* MTLogDetailsController.m */,
				AD4950D729F7BDB100B6F363 /* MTMainViewController.h */,
				AD4950D829F7BDB100B6F363 /* MTMainViewController.m */,
				AD0E98202B6A6CDE006A1C66 /* MTPowerGraphController.h */,
				AD0E98212B6A6CDE006A1C66 /* MTPowerGraphController.m */,
				AD09A6022B73D217008CF6C4 /* MTPowerGraphInspectorController.h */,
				AD09A6032B73D217008CF6C4 /* MTPowerGraphInspectorController.m */,
				AD4AB5582CB7BE9A0000002F /* MTPowerInfoController.h */,
				AD4AB5592CB7BE9A0000002F /* MTPowerInfoController.m */,
				ADE7AF212B85F36F00153AD5 /* MTSavePanelAccessoryController.h */,
				ADE7AF222B85F36F00153AD5 /* MTSavePanelAccessoryController.m */,
				ADBA009D2A29FCD50082157B /* MTSettingsCarbonController.h */,
				ADBA009E2A29FCD50082157B /* MTSettingsCarbonController.m */,
				AD75AE592D7700B60097D527 /* MTSettingsCostsController.h */,
				AD75AE5A2D7700B60097D527 /* MTSettingsCostsController.m */,
				ADBA009A2A29E1210082157B /* MTSettingsGeneralController.h */,
				ADBA009B2A29E1210082157B /* MTSettingsGeneralController.m */,
				AD74D8182B7A5216003B1524 /* MTSettingsJournalController.h */,
				AD74D8192B7A5216003B1524 /* MTSettingsJournalController.m */,
				ADEA60722BE8AFA100344CC0 /* MTSettingsPowerNapController.h */,
				ADEA60732BE8AFA100344CC0 /* MTSettingsPowerNapController.m */,
				ADEAFD822B2892B3005A1799 /* MTSettingsViewOptionsController.h */,
				ADEAFD812B2892B3005A1799 /* MTSettingsViewOptionsController.m */,
				AD52362E2B46FC9D00A6164D /* MTSidebarController.h */,
				AD52362F2B46FC9D00A6164D /* MTSidebarController.m */,
				AD60B4F62A1CC0E500FE5BEC /* MTTabViewController.h */,
				AD60B4F72A1CC0E500FE5BEC /* MTTabViewController.m */,
			);
			path = "View Controllers";
			sourceTree = "<group>";
		};
		AD4950C829F7BDB100B6F363 = {
			isa = PBXGroup;
			children = (
				ADE01A9F2A0508E600DB64EE /* Shared */,
				AD4950D329F7BDB100B6F363 /* Power Monitor */,
				AD8123BB2A0B943C00857DF8 /* PowerMonitorDaemon */,
				AD9884DF2B3171DE002C4FF7 /* PowerMonitorXPC */,
				AD4950D229F7BDB100B6F363 /* Products */,
				AD91683929FA5F3400BEA2F6 /* Frameworks */,
			);
			sourceTree = "<group>";
		};
		AD4950D229F7BDB100B6F363 /* Products */ = {
			isa = PBXGroup;
			children = (
				AD4950D129F7BDB100B6F363 /* Power Monitor.app */,
				AD8123BA2A0B943C00857DF8 /* PowerMonitorDaemon */,
				AD9884DE2B3171DE002C4FF7 /* PowerMonitorXPC.xpc */,
			);
			name = Products;
			sourceTree = "<group>";
		};
		AD4950D329F7BDB100B6F363 /* Power Monitor */ = {
			isa = PBXGroup;
			children = (
				AD65D9842A1239A4006B05E7 /* Classes */,
				AD9E5EF32A3CA80F0055315C /* Value Transformers */,
				AD2E945E2A0E668400B6A13D /* View Controllers */,
				ADB720C82A3C3E0600676E92 /* Alpha-2toAlpha-3.strings */,
				AD4950D429F7BDB100B6F363 /* AppDelegate.h */,
				AD4950D529F7BDB100B6F363 /* AppDelegate.m */,
				AD4950DA29F7BDB200B6F363 /* Assets.xcassets */,
				AD17F08F2A0AB7DE00DB060D /* corp.sap.PowerMonitorDaemon.plist */,
				ADB911EB2AD6F007007C64F1 /* Credits.rtf */,
				AD1E5FEA2C60275100E9C59B /* InfoPlist.xcstrings */,
				AD1D751C2B0C9D6A00904B84 /* Localizable.xcstrings */,
				AD4950DF29F7BDB200B6F363 /* main.m */,
				AD4950DC29F7BDB200B6F363 /* Main.storyboard */,
				ADCDF2902B3039B90026F56B /* MTPowerGraphTooltip.xib */,
				AD7574B82B865EC80050CA85 /* MTSavePanelAccessory.xib */,
				AD90C7F929FBAB1A00917EE4 /* Power Monitor.entitlements */,
				AD8ECA842A3A1B440045BA11 /* Power Monitor.mobileconfig */,
			);
			path = "Power Monitor";
			sourceTree = "<group>";
		};
		AD65D9842A1239A4006B05E7 /* Classes */ = {
			isa = PBXGroup;
			children = (
				ADBA00A32A2A2DFD0082157B /* MTCarbonAPIKey.h */,
				ADBA00A42A2A2DFD0082157B /* MTCarbonAPIKey.m */,
				AD68CBF02A173CAE00B19D07 /* MTCarbonFootprint.h */,
				AD68CBF12A173CAE00B19D07 /* MTCarbonFootprint.m */,
				ADEF0BE02B318417000C7EEA /* MTDaemonConnection.h */,
				ADEF0BE12B318417000C7EEA /* MTDaemonConnection.m */,
				ADD594352A1B6C47007B84A3 /* MTElectricityMapsAPI.h */,
				ADD594342A1B6C47007B84A3 /* MTElectricityMapsAPI.m */,
				AD74537A2D785A35004893FD /* MTHourTextField.h */,
				AD74537B2D785A35004893FD /* MTHourTextField.m */,
				AD8D2C9B2DD3733300A2C71F /* MTJournalTableView.h */,
				AD8D2C9C2DD3733300A2C71F /* MTJournalTableView.m */,
				AD3D04902AD041D9005B63A0 /* MTMainWindowController.h */,
				AD3D04912AD041D9005B63A0 /* MTMainWindowController.m */,
				ADCDF28D2B3024000026F56B /* MTPowerGraphTooltip.h */,
				ADCDF28E2B3024000026F56B /* MTPowerGraphTooltip.m */,
				AD74E37A2A38A59F000B0B84 /* MTPowerGraphView.h */,
				AD74E3792A38A59F000B0B84 /* MTPowerGraphView.m */,
				AD5D37332D775892000D3191 /* MTSegmentedControl.h */,
				AD5D37342D775892000D3191 /* MTSegmentedControl.m */,
				AD7B989C2B48077C00AEEF92 /* MTSidebarItem.h */,
				AD7B989B2B48077C00AEEF92 /* MTSidebarItem.m */,
				AD06CE652A4575FD006386B8 /* MTStatusItemMenu.h */,
				AD06CE662A4575FD006386B8 /* MTStatusItemMenu.m */,
				ADCBCC792B30A68D004B9424 /* MTToolbarItem.h */,
				ADCBCC782B30A68D004B9424 /* MTToolbarItem.m */,
				ADCB4C942D78358E006DC869 /* MTWeekdayTextField.h */,
				ADCB4C952D78358E006DC869 /* MTWeekdayTextField.m */,
			);
			path = Classes;
			sourceTree = "<group>";
		};
		AD8123BB2A0B943C00857DF8 /* PowerMonitorDaemon */ = {
			isa = PBXGroup;
			children = (
				ADA213EA2B20BFFF00C9661C /* Classes */,
				ADEF0BDC2B3177E6000C7EEA /* PowerMonitorDaemonProtocol.h */,
				AD8123BC2A0B943C00857DF8 /* main.m */,
				AD8123C82A0BC5CF00857DF8 /* PowerMonitorDaemon-Info.plist */,
			);
			path = PowerMonitorDaemon;
			sourceTree = "<group>";
		};
		AD91683929FA5F3400BEA2F6 /* Frameworks */ = {
			isa = PBXGroup;
			children = (
			);
			name = Frameworks;
			sourceTree = "<group>";
		};
		AD9884DF2B3171DE002C4FF7 /* PowerMonitorXPC */ = {
			isa = PBXGroup;
			children = (
				AD9884E02B3171DE002C4FF7 /* PowerMonitorXPC.h */,
				AD9884E12B3171DE002C4FF7 /* PowerMonitorXPC.m */,
				AD9884E32B3171DE002C4FF7 /* PowerMonitorXPCProtocol.h */,
				AD9884E42B3171DE002C4FF7 /* main.m */,
				AD9884E62B3171DE002C4FF7 /* Info.plist */,
			);
			path = PowerMonitorXPC;
			sourceTree = "<group>";
		};
		AD9E5EF32A3CA80F0055315C /* Value Transformers */ = {
			isa = PBXGroup;
			children = (
				AD9E5EF52A3CA81B0055315C /* MTButtonTitleTransformer.h */,
				AD9E5EF42A3CA81B0055315C /* MTButtonTitleTransformer.m */,
				AD6B1D7C2A2F691B00CFE596 /* MTColorTransformer.h */,
				AD6B1D7D2A2F691B00CFE596 /* MTColorTransformer.m */,
				ADEF0BE32B318980000C7EEA /* MTLogLevelValueTransformer.h */,
				ADEF0BE42B318980000C7EEA /* MTLogLevelValueTransformer.m */,
				AD7453802D787CD7004893FD /* MTUsageConsumptionTextTransformer.h */,
				AD7453812D787CD7004893FD /* MTUsageConsumptionTextTransformer.m */,
				ADDD0A512D79FD5A002B06C6 /* MTUsageConsumptionValueTransformer.h */,
				ADDD0A522D79FD5A002B06C6 /* MTUsageConsumptionValueTransformer.m */,
				ADD3B09A2B1F306D000C1882 /* MTUsagePeriodTextTransformer.h */,
				ADD3B09B2B1F306D000C1882 /* MTUsagePeriodTextTransformer.m */,
				AD89CB482B28B5A000118757 /* MTUsagePriceTextTransformer.h */,
				AD89CB472B28B5A000118757 /* MTUsagePriceTextTransformer.m */,
			);
			path = "Value Transformers";
			sourceTree = "<group>";
		};
		ADA213EA2B20BFFF00C9661C /* Classes */ = {
			isa = PBXGroup;
			children = (
				ADA213E82B20BFF300C9661C /* MTPowerEvent.h */,
				ADA213E72B20BFF300C9661C /* MTPowerEvent.m */,
				ADA213E42B20BFEA00C9661C /* MTSleepWatcher.h */,
				ADA213E52B20BFEA00C9661C /* MTSleepWatcher.m */,
				ADEF0BDD2B317CD7000C7EEA /* MTPowerMonitorDaemon.h */,
				ADEF0BDE2B317CD7000C7EEA /* MTPowerMonitorDaemon.m */,
			);
			path = Classes;
			sourceTree = "<group>";
		};
		ADE01A9F2A0508E600DB64EE /* Shared */ = {
			isa = PBXGroup;
			children = (
				ADE6427C2A00FD06006BC4D5 /* Constants.h */,
				ADF5869A2B1F5A1F00DD19EA /* IOPMLibPrivate.h */,
				AD18A3C32A14AFF10021F734 /* Classes */,
			);
			path = Shared;
			sourceTree = "<group>";
		};
/* End PBXGroup section */

/* Begin PBXNativeTarget section */
		AD4950D029F7BDB100B6F363 /* Power Monitor */ = {
			isa = PBXNativeTarget;
			buildConfigurationList = AD4950E429F7BDB200B6F363 /* Build configuration list for PBXNativeTarget "Power Monitor" */;
			buildPhases = (
				AD4950CD29F7BDB100B6F363 /* Sources */,
				AD4950CE29F7BDB100B6F363 /* Frameworks */,
				AD4950CF29F7BDB100B6F363 /* Resources */,
				AD1D751A2B0C9D0A00904B84 /* Copy Daemon */,
				AD896DA92A05186000743EAD /* Embed Daemon Plist */,
				AD9884EB2B3171DE002C4FF7 /* Embed XPC Services */,
			);
			buildRules = (
			);
			dependencies = (
				AD8123C22A0BC31E00857DF8 /* PBXTargetDependency */,
				AD9884E92B3171DE002C4FF7 /* PBXTargetDependency */,
			);
			name = "Power Monitor";
			productName = EnergyMonitor;
			productReference = AD4950D129F7BDB100B6F363 /* Power Monitor.app */;
			productType = "com.apple.product-type.application";
		};
		AD8123B92A0B943C00857DF8 /* PowerMonitorDaemon */ = {
			isa = PBXNativeTarget;
			buildConfigurationList = AD8123BE2A0B943C00857DF8 /* Build configuration list for PBXNativeTarget "PowerMonitorDaemon" */;
			buildPhases = (
				AD8123B62A0B943C00857DF8 /* Sources */,
				AD8123B72A0B943C00857DF8 /* Frameworks */,
			);
			buildRules = (
			);
			dependencies = (
			);
			name = PowerMonitorDaemon;
			productName = PowerMonitorDaemon;
			productReference = AD8123BA2A0B943C00857DF8 /* PowerMonitorDaemon */;
			productType = "com.apple.product-type.tool";
		};
		AD9884DD2B3171DE002C4FF7 /* PowerMonitorXPC */ = {
			isa = PBXNativeTarget;
			buildConfigurationList = AD9884EE2B3171DE002C4FF7 /* Build configuration list for PBXNativeTarget "PowerMonitorXPC" */;
			buildPhases = (
				AD9884DA2B3171DE002C4FF7 /* Sources */,
				AD9884DB2B3171DE002C4FF7 /* Frameworks */,
				AD9884DC2B3171DE002C4FF7 /* Resources */,
			);
			buildRules = (
			);
			dependencies = (
			);
			name = PowerMonitorXPC;
			productName = PowerMonitorXPC;
			productReference = AD9884DE2B3171DE002C4FF7 /* PowerMonitorXPC.xpc */;
			productType = "com.apple.product-type.xpc-service";
		};
/* End PBXNativeTarget section */

/* Begin PBXProject section */
		AD4950C929F7BDB100B6F363 /* Project object */ = {
			isa = PBXProject;
			attributes = {
				BuildIndependentTargetsInParallel = 1;
				LastUpgradeCheck = 1510;
				TargetAttributes = {
					AD4950D029F7BDB100B6F363 = {
						CreatedOnToolsVersion = 14.3;
					};
					AD8123B92A0B943C00857DF8 = {
						CreatedOnToolsVersion = 14.3;
					};
					AD9884DD2B3171DE002C4FF7 = {
						CreatedOnToolsVersion = 15.1;
					};
				};
			};
			buildConfigurationList = AD4950CC29F7BDB100B6F363 /* Build configuration list for PBXProject "Power Monitor" */;
			compatibilityVersion = "Xcode 14.0";
			developmentRegion = en;
			hasScannedForEncodings = 0;
			knownRegions = (
				en,
				Base,
				de,
			);
			mainGroup = AD4950C829F7BDB100B6F363;
			productRefGroup = AD4950D229F7BDB100B6F363 /* Products */;
			projectDirPath = "";
			projectRoot = "";
			targets = (
				AD4950D029F7BDB100B6F363 /* Power Monitor */,
				AD8123B92A0B943C00857DF8 /* PowerMonitorDaemon */,
				AD9884DD2B3171DE002C4FF7 /* PowerMonitorXPC */,
			);
		};
/* End PBXProject section */

/* Begin PBXResourcesBuildPhase section */
		AD4950CF29F7BDB100B6F363 /* Resources */ = {
			isa = PBXResourcesBuildPhase;
			buildActionMask = 2147483647;
			files = (
				AD7574B92B865EC80050CA85 /* MTSavePanelAccessory.xib in Resources */,
				AD4950DB29F7BDB200B6F363 /* Assets.xcassets in Resources */,
				AD1D751D2B0C9D6A00904B84 /* Localizable.xcstrings in Resources */,
				ADB911E92AD6F007007C64F1 /* Credits.rtf in Resources */,
				AD8ECA852A3A1B440045BA11 /* Power Monitor.mobileconfig in Resources */,
				AD1E5FEB2C60275100E9C59B /* InfoPlist.xcstrings in Resources */,
				ADB720C92A3C3E0600676E92 /* Alpha-2toAlpha-3.strings in Resources */,
				AD4950DE29F7BDB200B6F363 /* Main.storyboard in Resources */,
				ADCDF2912B3039B90026F56B /* MTPowerGraphTooltip.xib in Resources */,
			);
			runOnlyForDeploymentPostprocessing = 0;
		};
		AD9884DC2B3171DE002C4FF7 /* Resources */ = {
			isa = PBXResourcesBuildPhase;
			buildActionMask = 2147483647;
			files = (
			);
			runOnlyForDeploymentPostprocessing = 0;
		};
/* End PBXResourcesBuildPhase section */

/* Begin PBXSourcesBuildPhase section */
		AD4950CD29F7BDB100B6F363 /* Sources */ = {
			isa = PBXSourcesBuildPhase;
			buildActionMask = 2147483647;
			files = (
				ADE7AF232B85F36F00153AD5 /* MTSavePanelAccessoryController.m in Sources */,
				AD9715092B48539B0059AC88 /* MTConsoleSplitViewController.m in Sources */,
				ADCBCC7A2B30A68D004B9424 /* MTToolbarItem.m in Sources */,
				AD2B8BBC2B7A1E0C00625CEB /* MTPowerJournalEntry.m in Sources */,
				AD6E2B612B890241009E820F /* MTJournalInspectorController.m in Sources */,
				ADEF0BE52B318980000C7EEA /* MTLogLevelValueTransformer.m in Sources */,
				AD3D04922AD041D9005B63A0 /* MTMainWindowController.m in Sources */,
				AD4043022A02434400EFC66C /* MTModifyData.m in Sources */,
				ADD346E32A1285CD0045B031 /* MTDescriptionController.m in Sources */,
				AD60B4F82A1CC0E500FE5BEC /* MTTabViewController.m in Sources */,
				AD09A6042B73D217008CF6C4 /* MTPowerGraphInspectorController.m in Sources */,
				AD5236302B46FC9D00A6164D /* MTSidebarController.m in Sources */,
				ADEF0BE22B318417000C7EEA /* MTDaemonConnection.m in Sources */,
				ADBA00A52A2A2DFD0082157B /* MTCarbonAPIKey.m in Sources */,
				ADAD8B542A0976D800B51609 /* MTPowerMeasurementArray.m in Sources */,
				AD6B1D7E2A2F691B00CFE596 /* MTColorTransformer.m in Sources */,
				AD75AE582D76FBFE0097D527 /* MTElectricityPrice.m in Sources */,
				AD1F5DF12B4BFC0D007DD4FF /* MTAssertionsController.m in Sources */,
				ADD3B09C2B1F306D000C1882 /* MTUsagePeriodTextTransformer.m in Sources */,
				ADDD0A532D79FD5A002B06C6 /* MTUsageConsumptionValueTransformer.m in Sources */,
				AD0E98222B6A6CDE006A1C66 /* MTPowerGraphController.m in Sources */,
				ADCBCC772B30A59A004B9424 /* MTLogController.m in Sources */,
				AD68CBF22A173CAE00B19D07 /* MTCarbonFootprint.m in Sources */,
				AD74537C2D785A35004893FD /* MTHourTextField.m in Sources */,
				AD2B8BB92B7A1DE100625CEB /* MTPowerJournal.m in Sources */,
				AD4AB55A2CB7BE9A0000002F /* MTPowerInfoController.m in Sources */,
				AD74D81A2B7A5216003B1524 /* MTSettingsJournalController.m in Sources */,
				ADCB4C962D78358E006DC869 /* MTWeekdayTextField.m in Sources */,
				AD74E37B2A38A59F000B0B84 /* MTPowerGraphView.m in Sources */,
				ADEAFD832B2892B3005A1799 /* MTSettingsViewOptionsController.m in Sources */,
				ADD391CC2B7384E40041432C /* MTGraphSplitViewController.m in Sources */,
				AD4950D929F7BDB100B6F363 /* MTMainViewController.m in Sources */,
				AD8D2C9D2DD3733300A2C71F /* MTJournalTableView.m in Sources */,
				AD238DCD2AD3DCC900A6B5B2 /* MTSystemInfo.m in Sources */,
				ADFCECBC2A1F2B8300AA728D /* MTPowerMeasurement.m in Sources */,
				AD7B989D2B48077C00AEEF92 /* MTSidebarItem.m in Sources */,
				AD9E5EF62A3CA81B0055315C /* MTButtonTitleTransformer.m in Sources */,
				ADE9A1812B7CD6AF00BFBDEF /* MTJournalController.m in Sources */,
				ADD594362A1B6C47007B84A3 /* MTElectricityMapsAPI.m in Sources */,
				AD89CB4A2B28B5A000118757 /* MTUsagePriceTextTransformer.m in Sources */,
				AD6E2B642B890B2E009E820F /* MTJournalSplitViewController.m in Sources */,
				ADBA00A22A2A04480082157B /* MTCredentialsController.m in Sources */,
				AD5D37352D775892000D3191 /* MTSegmentedControl.m in Sources */,
				AD06CE672A4575FD006386B8 /* MTStatusItemMenu.m in Sources */,
				ADBA009C2A29E1210082157B /* MTSettingsGeneralController.m in Sources */,
				AD7453822D787CD7004893FD /* MTUsageConsumptionTextTransformer.m in Sources */,
				ADE6425C29FFAFE9006BC4D5 /* MTPowerMeasurementReader.m in Sources */,
				AD4950E029F7BDB200B6F363 /* main.m in Sources */,
				ADEA60742BE8AFA200344CC0 /* MTSettingsPowerNapController.m in Sources */,
				ADFD50262B35689100849855 /* MTLogDetailsController.m in Sources */,
				ADBA009F2A29FCD50082157B /* MTSettingsCarbonController.m in Sources */,
				ADCDF28F2B3024000026F56B /* MTPowerGraphTooltip.m in Sources */,
				AD4950D629F7BDB100B6F363 /* AppDelegate.m in Sources */,
				AD75AE5B2D7700B60097D527 /* MTSettingsCostsController.m in Sources */,
			);
			runOnlyForDeploymentPostprocessing = 0;
		};
		AD8123B62A0B943C00857DF8 /* Sources */ = {
			isa = PBXSourcesBuildPhase;
			buildActionMask = 2147483647;
			files = (
				ADFCECBD2A1F2C8400AA728D /* MTPowerMeasurement.m in Sources */,
				ADB4B37D2A0BDCD800B7AF32 /* MTSystemInfo.m in Sources */,
				AD8123C52A0BC34200857DF8 /* MTModifyData.m in Sources */,
				ADA213E92B20BFF300C9661C /* MTPowerEvent.m in Sources */,
				ADA213E62B20BFEA00C9661C /* MTSleepWatcher.m in Sources */,
				AD8123BD2A0B943C00857DF8 /* main.m in Sources */,
				AD2B8BBD2B7A1E0C00625CEB /* MTPowerJournalEntry.m in Sources */,
				AD8123C42A0BC33E00857DF8 /* MTPowerMeasurementReader.m in Sources */,
				ADDD0A542D7A0EA2002B06C6 /* MTElectricityPrice.m in Sources */,
				AD2B8BBE2B7A1E1400625CEB /* MTPowerJournal.m in Sources */,
				ADEF0BDF2B317CD7000C7EEA /* MTPowerMonitorDaemon.m in Sources */,
				AD0D3ADB2A1D1C83006AFF0D /* MTPowerMeasurementWriter.m in Sources */,
				AD8123C32A0BC33B00857DF8 /* MTPowerMeasurementArray.m in Sources */,
			);
			runOnlyForDeploymentPostprocessing = 0;
		};
		AD9884DA2B3171DE002C4FF7 /* Sources */ = {
			isa = PBXSourcesBuildPhase;
			buildActionMask = 2147483647;
			files = (
				AD9884E52B3171DE002C4FF7 /* main.m in Sources */,
				AD9884E22B3171DE002C4FF7 /* PowerMonitorXPC.m in Sources */,
			);
			runOnlyForDeploymentPostprocessing = 0;
		};
/* End PBXSourcesBuildPhase section */

/* Begin PBXTargetDependency section */
		AD8123C22A0BC31E00857DF8 /* PBXTargetDependency */ = {
			isa = PBXTargetDependency;
			target = AD8123B92A0B943C00857DF8 /* PowerMonitorDaemon */;
			targetProxy = AD8123C12A0BC31E00857DF8 /* PBXContainerItemProxy */;
		};
		AD9884E92B3171DE002C4FF7 /* PBXTargetDependency */ = {
			isa = PBXTargetDependency;
			target = AD9884DD2B3171DE002C4FF7 /* PowerMonitorXPC */;
			targetProxy = AD9884E82B3171DE002C4FF7 /* PBXContainerItemProxy */;
		};
/* End PBXTargetDependency section */

/* Begin PBXVariantGroup section */
		AD4950DC29F7BDB200B6F363 /* Main.storyboard */ = {
			isa = PBXVariantGroup;
			children = (
				AD4950DD29F7BDB200B6F363 /* Base */,
				ADD3B09D2B1F3188000C1882 /* mul */,
			);
			name = Main.storyboard;
			sourceTree = "<group>";
		};
		AD7574B82B865EC80050CA85 /* MTSavePanelAccessory.xib */ = {
			isa = PBXVariantGroup;
			children = (
				AD7574B72B865EC80050CA85 /* Base */,
				AD7574BA2B865EC80050CA85 /* mul */,
			);
			name = MTSavePanelAccessory.xib;
			sourceTree = "<group>";
		};
		ADB911EB2AD6F007007C64F1 /* Credits.rtf */ = {
			isa = PBXVariantGroup;
			children = (
				ADB911EA2AD6F007007C64F1 /* Base */,
				ADB911EC2AD6F009007C64F1 /* de */,
			);
			name = Credits.rtf;
			sourceTree = "<group>";
		};
/* End PBXVariantGroup section */

/* Begin XCBuildConfiguration section */
		AD4950E229F7BDB200B6F363 /* Debug */ = {
			isa = XCBuildConfiguration;
			buildSettings = {
				ALWAYS_SEARCH_USER_PATHS = NO;
				ASSETCATALOG_COMPILER_GENERATE_SWIFT_ASSET_SYMBOL_EXTENSIONS = YES;
				CLANG_ANALYZER_LOCALIZABILITY_NONLOCALIZED = YES;
				CLANG_ANALYZER_NONNULL = YES;
				CLANG_ANALYZER_NUMBER_OBJECT_CONVERSION = YES_AGGRESSIVE;
				CLANG_CXX_LANGUAGE_STANDARD = "gnu++20";
				CLANG_ENABLE_MODULES = YES;
				CLANG_ENABLE_OBJC_ARC = YES;
				CLANG_ENABLE_OBJC_WEAK = YES;
				CLANG_WARN_BLOCK_CAPTURE_AUTORELEASING = YES;
				CLANG_WARN_BOOL_CONVERSION = YES;
				CLANG_WARN_COMMA = YES;
				CLANG_WARN_CONSTANT_CONVERSION = YES;
				CLANG_WARN_DEPRECATED_OBJC_IMPLEMENTATIONS = YES;
				CLANG_WARN_DIRECT_OBJC_ISA_USAGE = YES_ERROR;
				CLANG_WARN_DOCUMENTATION_COMMENTS = YES;
				CLANG_WARN_EMPTY_BODY = YES;
				CLANG_WARN_ENUM_CONVERSION = YES;
				CLANG_WARN_INFINITE_RECURSION = YES;
				CLANG_WARN_INT_CONVERSION = YES;
				CLANG_WARN_NON_LITERAL_NULL_CONVERSION = YES;
				CLANG_WARN_OBJC_IMPLICIT_RETAIN_SELF = YES;
				CLANG_WARN_OBJC_LITERAL_CONVERSION = YES;
				CLANG_WARN_OBJC_ROOT_CLASS = YES_ERROR;
				CLANG_WARN_QUOTED_INCLUDE_IN_FRAMEWORK_HEADER = YES;
				CLANG_WARN_RANGE_LOOP_ANALYSIS = YES;
				CLANG_WARN_STRICT_PROTOTYPES = YES;
				CLANG_WARN_SUSPICIOUS_MOVE = YES;
				CLANG_WARN_UNGUARDED_AVAILABILITY = YES_AGGRESSIVE;
				CLANG_WARN_UNREACHABLE_CODE = YES;
				CLANG_WARN__DUPLICATE_METHOD_MATCH = YES;
				COPY_PHASE_STRIP = NO;
				DEAD_CODE_STRIPPING = YES;
				DEBUG_INFORMATION_FORMAT = dwarf;
				ENABLE_STRICT_OBJC_MSGSEND = YES;
				ENABLE_TESTABILITY = YES;
				ENABLE_USER_SCRIPT_SANDBOXING = YES;
				GCC_C_LANGUAGE_STANDARD = gnu11;
				GCC_DYNAMIC_NO_PIC = NO;
				GCC_NO_COMMON_BLOCKS = YES;
				GCC_OPTIMIZATION_LEVEL = 0;
				GCC_PREPROCESSOR_DEFINITIONS = (
					"DEBUG=1",
					"$(inherited)",
				);
				GCC_WARN_64_TO_32_BIT_CONVERSION = YES;
				GCC_WARN_ABOUT_RETURN_TYPE = YES_ERROR;
				GCC_WARN_UNDECLARED_SELECTOR = YES;
				GCC_WARN_UNINITIALIZED_AUTOS = YES_AGGRESSIVE;
				GCC_WARN_UNUSED_FUNCTION = YES;
				GCC_WARN_UNUSED_VARIABLE = YES;
				MACOSX_DEPLOYMENT_TARGET = 13.0;
				MTL_ENABLE_DEBUG_INFO = INCLUDE_SOURCE;
				MTL_FAST_MATH = YES;
				ONLY_ACTIVE_ARCH = YES;
				SDKROOT = macosx;
				SWIFT_EMIT_LOC_STRINGS = YES;
			};
			name = Debug;
		};
		AD4950E329F7BDB200B6F363 /* Release */ = {
			isa = XCBuildConfiguration;
			buildSettings = {
				ALWAYS_SEARCH_USER_PATHS = NO;
				ASSETCATALOG_COMPILER_GENERATE_SWIFT_ASSET_SYMBOL_EXTENSIONS = YES;
				CLANG_ANALYZER_LOCALIZABILITY_NONLOCALIZED = YES;
				CLANG_ANALYZER_NONNULL = YES;
				CLANG_ANALYZER_NUMBER_OBJECT_CONVERSION = YES_AGGRESSIVE;
				CLANG_CXX_LANGUAGE_STANDARD = "gnu++20";
				CLANG_ENABLE_MODULES = YES;
				CLANG_ENABLE_OBJC_ARC = YES;
				CLANG_ENABLE_OBJC_WEAK = YES;
				CLANG_WARN_BLOCK_CAPTURE_AUTORELEASING = YES;
				CLANG_WARN_BOOL_CONVERSION = YES;
				CLANG_WARN_COMMA = YES;
				CLANG_WARN_CONSTANT_CONVERSION = YES;
				CLANG_WARN_DEPRECATED_OBJC_IMPLEMENTATIONS = YES;
				CLANG_WARN_DIRECT_OBJC_ISA_USAGE = YES_ERROR;
				CLANG_WARN_DOCUMENTATION_COMMENTS = YES;
				CLANG_WARN_EMPTY_BODY = YES;
				CLANG_WARN_ENUM_CONVERSION = YES;
				CLANG_WARN_INFINITE_RECURSION = YES;
				CLANG_WARN_INT_CONVERSION = YES;
				CLANG_WARN_NON_LITERAL_NULL_CONVERSION = YES;
				CLANG_WARN_OBJC_IMPLICIT_RETAIN_SELF = YES;
				CLANG_WARN_OBJC_LITERAL_CONVERSION = YES;
				CLANG_WARN_OBJC_ROOT_CLASS = YES_ERROR;
				CLANG_WARN_QUOTED_INCLUDE_IN_FRAMEWORK_HEADER = YES;
				CLANG_WARN_RANGE_LOOP_ANALYSIS = YES;
				CLANG_WARN_STRICT_PROTOTYPES = YES;
				CLANG_WARN_SUSPICIOUS_MOVE = YES;
				CLANG_WARN_UNGUARDED_AVAILABILITY = YES_AGGRESSIVE;
				CLANG_WARN_UNREACHABLE_CODE = YES;
				CLANG_WARN__DUPLICATE_METHOD_MATCH = YES;
				COPY_PHASE_STRIP = NO;
				DEAD_CODE_STRIPPING = YES;
				DEBUG_INFORMATION_FORMAT = "dwarf-with-dsym";
				ENABLE_NS_ASSERTIONS = NO;
				ENABLE_STRICT_OBJC_MSGSEND = YES;
				ENABLE_USER_SCRIPT_SANDBOXING = YES;
				GCC_C_LANGUAGE_STANDARD = gnu11;
				GCC_NO_COMMON_BLOCKS = YES;
				GCC_WARN_64_TO_32_BIT_CONVERSION = YES;
				GCC_WARN_ABOUT_RETURN_TYPE = YES_ERROR;
				GCC_WARN_UNDECLARED_SELECTOR = YES;
				GCC_WARN_UNINITIALIZED_AUTOS = YES_AGGRESSIVE;
				GCC_WARN_UNUSED_FUNCTION = YES;
				GCC_WARN_UNUSED_VARIABLE = YES;
				MACOSX_DEPLOYMENT_TARGET = 13.0;
				MTL_ENABLE_DEBUG_INFO = NO;
				MTL_FAST_MATH = YES;
				SDKROOT = macosx;
				SWIFT_EMIT_LOC_STRINGS = YES;
			};
			name = Release;
		};
		AD4950E529F7BDB200B6F363 /* Debug */ = {
			isa = XCBuildConfiguration;
			buildSettings = {
				ASSETCATALOG_COMPILER_APPICON_NAME = AppIcon;
				ASSETCATALOG_COMPILER_GLOBAL_ACCENT_COLOR_NAME = AccentColor;
				CODE_SIGN_ENTITLEMENTS = "Power Monitor/Power Monitor.entitlements";
				CODE_SIGN_IDENTITY = "Apple Development";
				CODE_SIGN_STYLE = Automatic;
				COMBINE_HIDPI_IMAGES = YES;
				CREATE_INFOPLIST_SECTION_IN_BINARY = YES;
				CURRENT_PROJECT_VERSION = 549;
				DEAD_CODE_STRIPPING = YES;
				DEVELOPMENT_TEAM = 7R5ZEU67FQ;
				ENABLE_HARDENED_RUNTIME = YES;
				GENERATE_INFOPLIST_FILE = YES;
				INFOPLIST_FILE = "Power Monitor/Info.plist";
				INFOPLIST_KEY_CFBundleDisplayName = "Power Monitor";
				INFOPLIST_KEY_LSApplicationCategoryType = "public.app-category.utilities";
				INFOPLIST_KEY_LSUIElement = YES;
				INFOPLIST_KEY_NSHumanReadableCopyright = "Copyright © 2023-2025 SAP SE. All rights reserved.";
				INFOPLIST_KEY_NSMainStoryboardFile = Main;
				INFOPLIST_KEY_NSPrincipalClass = NSApplication;
				LD_RUNPATH_SEARCH_PATHS = (
					"$(inherited)",
					"@executable_path/../Frameworks",
				);
				MACOSX_DEPLOYMENT_TARGET = 13.0;
				MARKETING_VERSION = 1.3.1;
				PRODUCT_BUNDLE_IDENTIFIER = corp.sap.PowerMonitor;
				PRODUCT_NAME = "$(TARGET_NAME)";
				PROVISIONING_PROFILE_SPECIFIER = "";
				SWIFT_EMIT_LOC_STRINGS = YES;
			};
			name = Debug;
		};
		AD4950E629F7BDB200B6F363 /* Release */ = {
			isa = XCBuildConfiguration;
			buildSettings = {
				ASSETCATALOG_COMPILER_APPICON_NAME = AppIcon;
				ASSETCATALOG_COMPILER_GLOBAL_ACCENT_COLOR_NAME = AccentColor;
				CODE_SIGN_ENTITLEMENTS = "Power Monitor/Power Monitor.entitlements";
				CODE_SIGN_IDENTITY = "Apple Development";
				CODE_SIGN_STYLE = Automatic;
				COMBINE_HIDPI_IMAGES = YES;
				CREATE_INFOPLIST_SECTION_IN_BINARY = YES;
				CURRENT_PROJECT_VERSION = 549;
				DEAD_CODE_STRIPPING = YES;
				DEVELOPMENT_TEAM = 7R5ZEU67FQ;
				ENABLE_HARDENED_RUNTIME = YES;
				GENERATE_INFOPLIST_FILE = YES;
				INFOPLIST_FILE = "Power Monitor/Info.plist";
				INFOPLIST_KEY_CFBundleDisplayName = "Power Monitor";
				INFOPLIST_KEY_LSApplicationCategoryType = "public.app-category.utilities";
				INFOPLIST_KEY_LSUIElement = YES;
				INFOPLIST_KEY_NSHumanReadableCopyright = "Copyright © 2023-2025 SAP SE. All rights reserved.";
				INFOPLIST_KEY_NSMainStoryboardFile = Main;
				INFOPLIST_KEY_NSPrincipalClass = NSApplication;
				LD_RUNPATH_SEARCH_PATHS = (
					"$(inherited)",
					"@executable_path/../Frameworks",
				);
				MACOSX_DEPLOYMENT_TARGET = 13.0;
				MARKETING_VERSION = 1.3.1;
				ONLY_ACTIVE_ARCH = NO;
				PRODUCT_BUNDLE_IDENTIFIER = corp.sap.PowerMonitor;
				PRODUCT_NAME = "$(TARGET_NAME)";
				PROVISIONING_PROFILE_SPECIFIER = "";
				SWIFT_EMIT_LOC_STRINGS = YES;
			};
			name = Release;
		};
		AD8123BF2A0B943C00857DF8 /* Debug */ = {
			isa = XCBuildConfiguration;
			buildSettings = {
				"CODE_SIGN_IDENTITY[sdk=macosx*]" = "-";
				CODE_SIGN_STYLE = Automatic;
				CREATE_INFOPLIST_SECTION_IN_BINARY = YES;
				CURRENT_PROJECT_VERSION = 215;
				DEAD_CODE_STRIPPING = YES;
				DEVELOPMENT_TEAM = 7R5ZEU67FQ;
				ENABLE_HARDENED_RUNTIME = YES;
				GENERATE_INFOPLIST_FILE = YES;
				INFOPLIST_FILE = "$(SRCROOT)/PowerMonitorDaemon/PowerMonitorDaemon-Info.plist";
				INFOPLIST_KEY_NSHumanReadableCopyright = "Copyright © 2023-2025 SAP SE. All rights reserved.";
				MACOSX_DEPLOYMENT_TARGET = 13.0;
				MARKETING_VERSION = 1.3.0;
				PRODUCT_BUNDLE_IDENTIFIER = corp.sap.PowerMonitorDaemon;
				PRODUCT_NAME = "$(TARGET_NAME)";
				SKIP_INSTALL = YES;
			};
			name = Debug;
		};
		AD8123C02A0B943C00857DF8 /* Release */ = {
			isa = XCBuildConfiguration;
			buildSettings = {
				"CODE_SIGN_IDENTITY[sdk=macosx*]" = "-";
				CODE_SIGN_STYLE = Automatic;
				CREATE_INFOPLIST_SECTION_IN_BINARY = YES;
				CURRENT_PROJECT_VERSION = 215;
				DEAD_CODE_STRIPPING = YES;
				DEVELOPMENT_TEAM = 7R5ZEU67FQ;
				ENABLE_HARDENED_RUNTIME = YES;
				GENERATE_INFOPLIST_FILE = YES;
				INFOPLIST_FILE = "$(SRCROOT)/PowerMonitorDaemon/PowerMonitorDaemon-Info.plist";
				INFOPLIST_KEY_NSHumanReadableCopyright = "Copyright © 2023-2025 SAP SE. All rights reserved.";
				MACOSX_DEPLOYMENT_TARGET = 13.0;
				MARKETING_VERSION = 1.3.0;
				ONLY_ACTIVE_ARCH = NO;
				PRODUCT_BUNDLE_IDENTIFIER = corp.sap.PowerMonitorDaemon;
				PRODUCT_NAME = "$(TARGET_NAME)";
				SKIP_INSTALL = YES;
			};
			name = Release;
		};
		AD9884EC2B3171DE002C4FF7 /* Debug */ = {
			isa = XCBuildConfiguration;
			buildSettings = {
				CODE_SIGN_STYLE = Automatic;
				COMBINE_HIDPI_IMAGES = YES;
				CURRENT_PROJECT_VERSION = 27;
				DEVELOPMENT_TEAM = 7R5ZEU67FQ;
				ENABLE_HARDENED_RUNTIME = YES;
				GCC_C_LANGUAGE_STANDARD = gnu17;
				GENERATE_INFOPLIST_FILE = YES;
				INFOPLIST_FILE = PowerMonitorXPC/Info.plist;
				INFOPLIST_KEY_CFBundleDisplayName = PowerMonitorXPC;
				INFOPLIST_KEY_LSApplicationCategoryType = "";
				INFOPLIST_KEY_NSHumanReadableCopyright = "Copyright © 2023-2025 SAP SE. All rights reserved.";
				LOCALIZATION_PREFERS_STRING_CATALOGS = YES;
				MACOSX_DEPLOYMENT_TARGET = 13.0;
				MARKETING_VERSION = 1.3.0;
				PRODUCT_BUNDLE_IDENTIFIER = corp.sap.PowerMonitorXPC;
				PRODUCT_NAME = "$(TARGET_NAME)";
				SKIP_INSTALL = YES;
				SWIFT_EMIT_LOC_STRINGS = YES;
			};
			name = Debug;
		};
		AD9884ED2B3171DE002C4FF7 /* Release */ = {
			isa = XCBuildConfiguration;
			buildSettings = {
				CODE_SIGN_STYLE = Automatic;
				COMBINE_HIDPI_IMAGES = YES;
				CURRENT_PROJECT_VERSION = 27;
				DEVELOPMENT_TEAM = 7R5ZEU67FQ;
				ENABLE_HARDENED_RUNTIME = YES;
				GCC_C_LANGUAGE_STANDARD = gnu17;
				GENERATE_INFOPLIST_FILE = YES;
				INFOPLIST_FILE = PowerMonitorXPC/Info.plist;
				INFOPLIST_KEY_CFBundleDisplayName = PowerMonitorXPC;
				INFOPLIST_KEY_LSApplicationCategoryType = "";
				INFOPLIST_KEY_NSHumanReadableCopyright = "Copyright © 2023-2025 SAP SE. All rights reserved.";
				LOCALIZATION_PREFERS_STRING_CATALOGS = YES;
				MACOSX_DEPLOYMENT_TARGET = 13.0;
				MARKETING_VERSION = 1.3.0;
				PRODUCT_BUNDLE_IDENTIFIER = corp.sap.PowerMonitorXPC;
				PRODUCT_NAME = "$(TARGET_NAME)";
				SKIP_INSTALL = YES;
				SWIFT_EMIT_LOC_STRINGS = YES;
			};
			name = Release;
		};
/* End XCBuildConfiguration section */

/* Begin XCConfigurationList section */
		AD4950CC29F7BDB100B6F363 /* Build configuration list for PBXProject "Power Monitor" */ = {
			isa = XCConfigurationList;
			buildConfigurations = (
				AD4950E229F7BDB200B6F363 /* Debug */,
				AD4950E329F7BDB200B6F363 /* Release */,
			);
			defaultConfigurationIsVisible = 0;
			defaultConfigurationName = Release;
		};
		AD4950E429F7BDB200B6F363 /* Build configuration list for PBXNativeTarget "Power Monitor" */ = {
			isa = XCConfigurationList;
			buildConfigurations = (
				AD4950E529F7BDB200B6F363 /* Debug */,
				AD4950E629F7BDB200B6F363 /* Release */,
			);
			defaultConfigurationIsVisible = 0;
			defaultConfigurationName = Release;
		};
		AD8123BE2A0B943C00857DF8 /* Build configuration list for PBXNativeTarget "PowerMonitorDaemon" */ = {
			isa = XCConfigurationList;
			buildConfigurations = (
				AD8123BF2A0B943C00857DF8 /* Debug */,
				AD8123C02A0B943C00857DF8 /* Release */,
			);
			defaultConfigurationIsVisible = 0;
			defaultConfigurationName = Release;
		};
		AD9884EE2B3171DE002C4FF7 /* Build configuration list for PBXNativeTarget "PowerMonitorXPC" */ = {
			isa = XCConfigurationList;
			buildConfigurations = (
				AD9884EC2B3171DE002C4FF7 /* Debug */,
				AD9884ED2B3171DE002C4FF7 /* Release */,
			);
			defaultConfigurationIsVisible = 0;
			defaultConfigurationName = Release;
		};
/* End XCConfigurationList section */
	};
	rootObject = AD4950C929F7BDB100B6F363 /* Project object */;
}
